// !$*UTF8*$!
{
	archiveVersion = 1;
	classes = {
	};
	objectVersion = 56;
	objects = {

/* Begin PBXBuildFile section */
		18D7CA4F2BA1B5BA00DCE6EE /* Learn_SwiftUI_Day_2App.swift in Sources */ = {isa = PBXBuildFile; fileRef = 18D7CA4E2BA1B5BA00DCE6EE /* Learn_SwiftUI_Day_2App.swift */; };
		18D7CA512BA1B5BA00DCE6EE /* ContentView.swift in Sources */ = {isa = PBXBuildFile; fileRef = 18D7CA502BA1B5BA00DCE6EE /* ContentView.swift */; };
		18D7CA532BA1B5BC00DCE6EE /* Assets.xcassets in Resources */ = {isa = PBXBuildFile; fileRef = 18D7CA522BA1B5BC00DCE6EE /* Assets.xcassets */; };
		18D7CA562BA1B5BC00DCE6EE /* Preview Assets.xcassets in Resources */ = {isa = PBXBuildFile; fileRef = 18D7CA552BA1B5BC00DCE6EE /* Preview Assets.xcassets */; };
		18D7CA5D2BA1B7DD00DCE6EE /* CardView.swift in Sources */ = {isa = PBXBuildFile; fileRef = 18D7CA5C2BA1B7DD00DCE6EE /* CardView.swift */; };
		18D7CA602BA1BA8A00DCE6EE /* CustomBackgroundView.swift in Sources */ = {isa = PBXBuildFile; fileRef = 18D7CA5F2BA1BA8A00DCE6EE /* CustomBackgroundView.swift */; };
		18D7CA632BA1BC1600DCE6EE /* ColorExtension.swift in Sources */ = {isa = PBXBuildFile; fileRef = 18D7CA622BA1BC1600DCE6EE /* ColorExtension.swift */; };
		18D7CA652BA1C74100DCE6EE /* CustomButtonView.swift in Sources */ = {isa = PBXBuildFile; fileRef = 18D7CA642BA1C74100DCE6EE /* CustomButtonView.swift */; };
		18D7CA672BA1CDAE00DCE6EE /* GradientButtonStyle.swift in Sources */ = {isa = PBXBuildFile; fileRef = 18D7CA662BA1CDAE00DCE6EE /* GradientButtonStyle.swift */; };
		18D7CA692BA228BF00DCE6EE /* CustomCircleView.swift in Sources */ = {isa = PBXBuildFile; fileRef = 18D7CA682BA228BF00DCE6EE /* CustomCircleView.swift */; };
		18D7CA6B2BA22A5B00DCE6EE /* MotionAnimationView.swift in Sources */ = {isa = PBXBuildFile; fileRef = 18D7CA6A2BA22A5B00DCE6EE /* MotionAnimationView.swift */; };
		18D7CA6E2BA22F9000DCE6EE /* SettingsView.swift in Sources */ = {isa = PBXBuildFile; fileRef = 18D7CA6D2BA22F9000DCE6EE /* SettingsView.swift */; };
		18D7CA702BA23C1200DCE6EE /* CustomListRowView.swift in Sources */ = {isa = PBXBuildFile; fileRef = 18D7CA6F2BA23C1200DCE6EE /* CustomListRowView.swift */; };
/* End PBXBuildFile section */

/* Begin PBXFileReference section */
		18D7CA4B2BA1B5BA00DCE6EE /* Learn SwiftUI Day 2.app */ = {isa = PBXFileReference; explicitFileType = wrapper.application; includeInIndex = 0; path = "Learn SwiftUI Day 2.app"; sourceTree = BUILT_PRODUCTS_DIR; };
		18D7CA4E2BA1B5BA00DCE6EE /* Learn_SwiftUI_Day_2App.swift */ = {isa = PBXFileReference; lastKnownFileType = sourcecode.swift; path = Learn_SwiftUI_Day_2App.swift; sourceTree = "<group>"; };
		18D7CA502BA1B5BA00DCE6EE /* ContentView.swift */ = {isa = PBXFileReference; lastKnownFileType = sourcecode.swift; path = ContentView.swift; sourceTree = "<group>"; };
		18D7CA522BA1B5BC00DCE6EE /* Assets.xcassets */ = {isa = PBXFileReference; lastKnownFileType = folder.assetcatalog; path = Assets.xcassets; sourceTree = "<group>"; };
		18D7CA552BA1B5BC00DCE6EE /* Preview Assets.xcassets */ = {isa = PBXFileReference; lastKnownFileType = folder.assetcatalog; path = "Preview Assets.xcassets"; sourceTree = "<group>"; };
		18D7CA5C2BA1B7DD00DCE6EE /* CardView.swift */ = {isa = PBXFileReference; lastKnownFileType = sourcecode.swift; path = CardView.swift; sourceTree = "<group>"; };
		18D7CA5F2BA1BA8A00DCE6EE /* CustomBackgroundView.swift */ = {isa = PBXFileReference; lastKnownFileType = sourcecode.swift; path = CustomBackgroundView.swift; sourceTree = "<group>"; };
		18D7CA622BA1BC1600DCE6EE /* ColorExtension.swift */ = {isa = PBXFileReference; lastKnownFileType = sourcecode.swift; path = ColorExtension.swift; sourceTree = "<group>"; };
		18D7CA642BA1C74100DCE6EE /* CustomButtonView.swift */ = {isa = PBXFileReference; lastKnownFileType = sourcecode.swift; path = CustomButtonView.swift; sourceTree = "<group>"; };
		18D7CA662BA1CDAE00DCE6EE /* GradientButtonStyle.swift */ = {isa = PBXFileReference; lastKnownFileType = sourcecode.swift; path = GradientButtonStyle.swift; sourceTree = "<group>"; };
		18D7CA682BA228BF00DCE6EE /* CustomCircleView.swift */ = {isa = PBXFileReference; lastKnownFileType = sourcecode.swift; path = CustomCircleView.swift; sourceTree = "<group>"; };
		18D7CA6A2BA22A5B00DCE6EE /* MotionAnimationView.swift */ = {isa = PBXFileReference; lastKnownFileType = sourcecode.swift; path = MotionAnimationView.swift; sourceTree = "<group>"; };
		18D7CA6D2BA22F9000DCE6EE /* SettingsView.swift */ = {isa = PBXFileReference; lastKnownFileType = sourcecode.swift; path = SettingsView.swift; sourceTree = "<group>"; };
		18D7CA6F2BA23C1200DCE6EE /* CustomListRowView.swift */ = {isa = PBXFileReference; lastKnownFileType = sourcecode.swift; path = CustomListRowView.swift; sourceTree = "<group>"; };
/* End PBXFileReference section */

/* Begin PBXFrameworksBuildPhase section */
		18D7CA482BA1B5BA00DCE6EE /* Frameworks */ = {
			isa = PBXFrameworksBuildPhase;
			buildActionMask = 2147483647;
			files = (
			);
			runOnlyForDeploymentPostprocessing = 0;
		};
/* End PBXFrameworksBuildPhase section */

/* Begin PBXGroup section */
		18D7CA422BA1B5BA00DCE6EE = {
			isa = PBXGroup;
			children = (
				18D7CA4D2BA1B5BA00DCE6EE /* Learn SwiftUI Day 2 */,
				18D7CA4C2BA1B5BA00DCE6EE /* Products */,
			);
			sourceTree = "<group>";
		};
		18D7CA4C2BA1B5BA00DCE6EE /* Products */ = {
			isa = PBXGroup;
			children = (
				18D7CA4B2BA1B5BA00DCE6EE /* Learn SwiftUI Day 2.app */,
			);
			name = Products;
			sourceTree = "<group>";
		};
		18D7CA4D2BA1B5BA00DCE6EE /* Learn SwiftUI Day 2 */ = {
			isa = PBXGroup;
			children = (
				18D7CA612BA1BBF300DCE6EE /* Utility */,
				18D7CA4E2BA1B5BA00DCE6EE /* Learn_SwiftUI_Day_2App.swift */,
				18D7CA6C2BA22F7900DCE6EE /* Screen */,
				18D7CA522BA1B5BC00DCE6EE /* Assets.xcassets */,
				18D7CA542BA1B5BC00DCE6EE /* Preview Content */,
				18D7CA5E2BA1BA2A00DCE6EE /* Component */,
			);
			path = "Learn SwiftUI Day 2";
			sourceTree = "<group>";
		};
		18D7CA542BA1B5BC00DCE6EE /* Preview Content */ = {
			isa = PBXGroup;
			children = (
				18D7CA552BA1B5BC00DCE6EE /* Preview Assets.xcassets */,
			);
			path = "Preview Content";
			sourceTree = "<group>";
		};
		18D7CA5E2BA1BA2A00DCE6EE /* Component */ = {
			isa = PBXGroup;
			children = (
				18D7CA5C2BA1B7DD00DCE6EE /* CardView.swift */,
				18D7CA5F2BA1BA8A00DCE6EE /* CustomBackgroundView.swift */,
				18D7CA642BA1C74100DCE6EE /* CustomButtonView.swift */,
				18D7CA682BA228BF00DCE6EE /* CustomCircleView.swift */,
				18D7CA6A2BA22A5B00DCE6EE /* MotionAnimationView.swift */,
				18D7CA6F2BA23C1200DCE6EE /* CustomListRowView.swift */,
			);
			path = Component;
			sourceTree = "<group>";
		};
		18D7CA612BA1BBF300DCE6EE /* Utility */ = {
			isa = PBXGroup;
			children = (
				18D7CA622BA1BC1600DCE6EE /* ColorExtension.swift */,
				18D7CA662BA1CDAE00DCE6EE /* GradientButtonStyle.swift */,
			);
			path = Utility;
			sourceTree = "<group>";
		};
		18D7CA6C2BA22F7900DCE6EE /* Screen */ = {
			isa = PBXGroup;
			children = (
				18D7CA502BA1B5BA00DCE6EE /* ContentView.swift */,
				18D7CA6D2BA22F9000DCE6EE /* SettingsView.swift */,
			);
			path = Screen;
			sourceTree = "<group>";
		};
/* End PBXGroup section */

/* Begin PBXNativeTarget section */
		18D7CA4A2BA1B5BA00DCE6EE /* Learn SwiftUI Day 2 */ = {
			isa = PBXNativeTarget;
			buildConfigurationList = 18D7CA592BA1B5BC00DCE6EE /* Build configuration list for PBXNativeTarget "Learn SwiftUI Day 2" */;
			buildPhases = (
				18D7CA472BA1B5BA00DCE6EE /* Sources */,
				18D7CA482BA1B5BA00DCE6EE /* Frameworks */,
				18D7CA492BA1B5BA00DCE6EE /* Resources */,
			);
			buildRules = (
			);
			dependencies = (
			);
			name = "Learn SwiftUI Day 2";
			productName = "Learn SwiftUI Day 2";
			productReference = 18D7CA4B2BA1B5BA00DCE6EE /* Learn SwiftUI Day 2.app */;
			productType = "com.apple.product-type.application";
		};
/* End PBXNativeTarget section */

/* Begin PBXProject section */
		18D7CA432BA1B5BA00DCE6EE /* Project object */ = {
			isa = PBXProject;
			attributes = {
				BuildIndependentTargetsInParallel = 1;
				LastSwiftUpdateCheck = 1530;
				LastUpgradeCheck = 1530;
				TargetAttributes = {
					18D7CA4A2BA1B5BA00DCE6EE = {
						CreatedOnToolsVersion = 15.3;
					};
				};
			};
			buildConfigurationList = 18D7CA462BA1B5BA00DCE6EE /* Build configuration list for PBXProject "Learn SwiftUI Day 2" */;
			compatibilityVersion = "Xcode 14.0";
			developmentRegion = en;
			hasScannedForEncodings = 0;
			knownRegions = (
				en,
				Base,
			);
			mainGroup = 18D7CA422BA1B5BA00DCE6EE;
			productRefGroup = 18D7CA4C2BA1B5BA00DCE6EE /* Products */;
			projectDirPath = "";
			projectRoot = "";
			targets = (
				18D7CA4A2BA1B5BA00DCE6EE /* Learn SwiftUI Day 2 */,
			);
		};
/* End PBXProject section */

/* Begin PBXResourcesBuildPhase section */
		18D7CA492BA1B5BA00DCE6EE /* Resources */ = {
			isa = PBXResourcesBuildPhase;
			buildActionMask = 2147483647;
			files = (
				18D7CA562BA1B5BC00DCE6EE /* Preview Assets.xcassets in Resources */,
				18D7CA532BA1B5BC00DCE6EE /* Assets.xcassets in Resources */,
			);
			runOnlyForDeploymentPostprocessing = 0;
		};
/* End PBXResourcesBuildPhase section */

/* Begin PBXSourcesBuildPhase section */
		18D7CA472BA1B5BA00DCE6EE /* Sources */ = {
			isa = PBXSourcesBuildPhase;
			buildActionMask = 2147483647;
			files = (
				18D7CA512BA1B5BA00DCE6EE /* ContentView.swift in Sources */,
				18D7CA692BA228BF00DCE6EE /* CustomCircleView.swift in Sources */,
				18D7CA702BA23C1200DCE6EE /* CustomListRowView.swift in Sources */,
				18D7CA5D2BA1B7DD00DCE6EE /* CardView.swift in Sources */,
				18D7CA4F2BA1B5BA00DCE6EE /* Learn_SwiftUI_Day_2App.swift in Sources */,
				18D7CA652BA1C74100DCE6EE /* CustomButtonView.swift in Sources */,
				18D7CA6E2BA22F9000DCE6EE /* SettingsView.swift in Sources */,
				18D7CA672BA1CDAE00DCE6EE /* GradientButtonStyle.swift in Sources */,
				18D7CA6B2BA22A5B00DCE6EE /* MotionAnimationView.swift in Sources */,
				18D7CA602BA1BA8A00DCE6EE /* CustomBackgroundView.swift in Sources */,
				18D7CA632BA1BC1600DCE6EE /* ColorExtension.swift in Sources */,
			);
			runOnlyForDeploymentPostprocessing = 0;
		};
/* End PBXSourcesBuildPhase section */

/* Begin XCBuildConfiguration section */
		18D7CA572BA1B5BC00DCE6EE /* Debug */ = {
			isa = XCBuildConfiguration;
			buildSettings = {
				ALWAYS_SEARCH_USER_PATHS = NO;
				ASSETCATALOG_COMPILER_GENERATE_SWIFT_ASSET_SYMBOL_EXTENSIONS = YES;
				CLANG_ANALYZER_NONNULL = YES;
				CLANG_ANALYZER_NUMBER_OBJECT_CONVERSION = YES_AGGRESSIVE;
				CLANG_CXX_LANGUAGE_STANDARD = "gnu++20";
				CLANG_ENABLE_MODULES = YES;
				CLANG_ENABLE_OBJC_ARC = YES;
				CLANG_ENABLE_OBJC_WEAK = YES;
				CLANG_WARN_BLOCK_CAPTURE_AUTORELEASING = YES;
				CLANG_WARN_BOOL_CONVERSION = YES;
				CLANG_WARN_COMMA = YES;
				CLANG_WARN_CONSTANT_CONVERSION = YES;
				CLANG_WARN_DEPRECATED_OBJC_IMPLEMENTATIONS = YES;
				CLANG_WARN_DIRECT_OBJC_ISA_USAGE = YES_ERROR;
				CLANG_WARN_DOCUMENTATION_COMMENTS = YES;
				CLANG_WARN_EMPTY_BODY = YES;
				CLANG_WARN_ENUM_CONVERSION = YES;
				CLANG_WARN_INFINITE_RECURSION = YES;
				CLANG_WARN_INT_CONVERSION = YES;
				CLANG_WARN_NON_LITERAL_NULL_CONVERSION = YES;
				CLANG_WARN_OBJC_IMPLICIT_RETAIN_SELF = YES;
				CLANG_WARN_OBJC_LITERAL_CONVERSION = YES;
				CLANG_WARN_OBJC_ROOT_CLASS = YES_ERROR;
				CLANG_WARN_QUOTED_INCLUDE_IN_FRAMEWORK_HEADER = YES;
				CLANG_WARN_RANGE_LOOP_ANALYSIS = YES;
				CLANG_WARN_STRICT_PROTOTYPES = YES;
				CLANG_WARN_SUSPICIOUS_MOVE = YES;
				CLANG_WARN_UNGUARDED_AVAILABILITY = YES_AGGRESSIVE;
				CLANG_WARN_UNREACHABLE_CODE = YES;
				CLANG_WARN__DUPLICATE_METHOD_MATCH = YES;
				COPY_PHASE_STRIP = NO;
				DEBUG_INFORMATION_FORMAT = dwarf;
				ENABLE_STRICT_OBJC_MSGSEND = YES;
				ENABLE_TESTABILITY = YES;
				ENABLE_USER_SCRIPT_SANDBOXING = YES;
				GCC_C_LANGUAGE_STANDARD = gnu17;
				GCC_DYNAMIC_NO_PIC = NO;
				GCC_NO_COMMON_BLOCKS = YES;
				GCC_OPTIMIZATION_LEVEL = 0;
				GCC_PREPROCESSOR_DEFINITIONS = (
					"DEBUG=1",
					"$(inherited)",
				);
				GCC_WARN_64_TO_32_BIT_CONVERSION = YES;
				GCC_WARN_ABOUT_RETURN_TYPE = YES_ERROR;
				GCC_WARN_UNDECLARED_SELECTOR = YES;
				GCC_WARN_UNINITIALIZED_AUTOS = YES_AGGRESSIVE;
				GCC_WARN_UNUSED_FUNCTION = YES;
				GCC_WARN_UNUSED_VARIABLE = YES;
				IPHONEOS_DEPLOYMENT_TARGET = 17.4;
				LOCALIZATION_PREFERS_STRING_CATALOGS = YES;
				MTL_ENABLE_DEBUG_INFO = INCLUDE_SOURCE;
				MTL_FAST_MATH = YES;
				ONLY_ACTIVE_ARCH = YES;
				SDKROOT = iphoneos;
				SWIFT_ACTIVE_COMPILATION_CONDITIONS = "DEBUG $(inherited)";
				SWIFT_OPTIMIZATION_LEVEL = "-Onone";
			};
			name = Debug;
		};
		18D7CA582BA1B5BC00DCE6EE /* Release */ = {
			isa = XCBuildConfiguration;
			buildSettings = {
				ALWAYS_SEARCH_USER_PATHS = NO;
				ASSETCATALOG_COMPILER_GENERATE_SWIFT_ASSET_SYMBOL_EXTENSIONS = YES;
				CLANG_ANALYZER_NONNULL = YES;
				CLANG_ANALYZER_NUMBER_OBJECT_CONVERSION = YES_AGGRESSIVE;
				CLANG_CXX_LANGUAGE_STANDARD = "gnu++20";
				CLANG_ENABLE_MODULES = YES;
				CLANG_ENABLE_OBJC_ARC = YES;
				CLANG_ENABLE_OBJC_WEAK = YES;
				CLANG_WARN_BLOCK_CAPTURE_AUTORELEASING = YES;
				CLANG_WARN_BOOL_CONVERSION = YES;
				CLANG_WARN_COMMA = YES;
				CLANG_WARN_CONSTANT_CONVERSION = YES;
				CLANG_WARN_DEPRECATED_OBJC_IMPLEMENTATIONS = YES;
				CLANG_WARN_DIRECT_OBJC_ISA_USAGE = YES_ERROR;
				CLANG_WARN_DOCUMENTATION_COMMENTS = YES;
				CLANG_WARN_EMPTY_BODY = YES;
				CLANG_WARN_ENUM_CONVERSION = YES;
				CLANG_WARN_INFINITE_RECURSION = YES;
				CLANG_WARN_INT_CONVERSION = YES;
				CLANG_WARN_NON_LITERAL_NULL_CONVERSION = YES;
				CLANG_WARN_OBJC_IMPLICIT_RETAIN_SELF = YES;
				CLANG_WARN_OBJC_LITERAL_CONVERSION = YES;
				CLANG_WARN_OBJC_ROOT_CLASS = YES_ERROR;
				CLANG_WARN_QUOTED_INCLUDE_IN_FRAMEWORK_HEADER = YES;
				CLANG_WARN_RANGE_LOOP_ANALYSIS = YES;
				CLANG_WARN_STRICT_PROTOTYPES = YES;
				CLANG_WARN_SUSPICIOUS_MOVE = YES;
				CLANG_WARN_UNGUARDED_AVAILABILITY = YES_AGGRESSIVE;
				CLANG_WARN_UNREACHABLE_CODE = YES;
				CLANG_WARN__DUPLICATE_METHOD_MATCH = YES;
				COPY_PHASE_STRIP = NO;
				DEBUG_INFORMATION_FORMAT = "dwarf-with-dsym";
				ENABLE_NS_ASSERTIONS = NO;
				ENABLE_STRICT_OBJC_MSGSEND = YES;
				ENABLE_USER_SCRIPT_SANDBOXING = YES;
				GCC_C_LANGUAGE_STANDARD = gnu17;
				GCC_NO_COMMON_BLOCKS = YES;
				GCC_WARN_64_TO_32_BIT_CONVERSION = YES;
				GCC_WARN_ABOUT_RETURN_TYPE = YES_ERROR;
				GCC_WARN_UNDECLARED_SELECTOR = YES;
				GCC_WARN_UNINITIALIZED_AUTOS = YES_AGGRESSIVE;
				GCC_WARN_UNUSED_FUNCTION = YES;
				GCC_WARN_UNUSED_VARIABLE = YES;
				IPHONEOS_DEPLOYMENT_TARGET = 17.4;
				LOCALIZATION_PREFERS_STRING_CATALOGS = YES;
				MTL_ENABLE_DEBUG_INFO = NO;
				MTL_FAST_MATH = YES;
				SDKROOT = iphoneos;
				SWIFT_COMPILATION_MODE = wholemodule;
				VALIDATE_PRODUCT = YES;
			};
			name = Release;
		};
		18D7CA5A2BA1B5BC00DCE6EE /* Debug */ = {
			isa = XCBuildConfiguration;
			buildSettings = {
				ASSETCATALOG_COMPILER_ALTERNATE_APPICON_NAMES = "AppIcon-MagniflyingGlass AppIcon-Map AppIcon-Mushroom AppIcon-Camera AppIcon-Campfire AppIcon-Backpack";
				ASSETCATALOG_COMPILER_APPICON_NAME = AppIcon;
				ASSETCATALOG_COMPILER_GLOBAL_ACCENT_COLOR_NAME = AccentColor;
				ASSETCATALOG_COMPILER_INCLUDE_ALL_APPICON_ASSETS = YES;
				CODE_SIGN_STYLE = Automatic;
				CURRENT_PROJECT_VERSION = 1;
				DEVELOPMENT_ASSET_PATHS = "\"Learn SwiftUI Day 2/Preview Content\"";
				DEVELOPMENT_TEAM = 8B2B8JUWKD;
				ENABLE_PREVIEWS = YES;
				GENERATE_INFOPLIST_FILE = YES;
				INFOPLIST_KEY_UIApplicationSceneManifest_Generation = YES;
				INFOPLIST_KEY_UIApplicationSupportsIndirectInputEvents = YES;
				INFOPLIST_KEY_UILaunchScreen_Generation = YES;
				INFOPLIST_KEY_UISupportedInterfaceOrientations_iPad = "UIInterfaceOrientationPortrait UIInterfaceOrientationPortraitUpsideDown UIInterfaceOrientationLandscapeLeft UIInterfaceOrientationLandscapeRight";
				INFOPLIST_KEY_UISupportedInterfaceOrientations_iPhone = "UIInterfaceOrientationPortrait UIInterfaceOrientationLandscapeLeft UIInterfaceOrientationLandscapeRight";
				LD_RUNPATH_SEARCH_PATHS = (
					"$(inherited)",
					"@executable_path/Frameworks",
				);
				MARKETING_VERSION = 1.0;
				PRODUCT_BUNDLE_IDENTIFIER = "com.jai.Learn-SwiftUI-Day-2";
				PRODUCT_NAME = "$(TARGET_NAME)";
				SWIFT_EMIT_LOC_STRINGS = YES;
				SWIFT_VERSION = 5.0;
				TARGETED_DEVICE_FAMILY = "1,2";
			};
			name = Debug;
		};
		18D7CA5B2BA1B5BC00DCE6EE /* Release */ = {
			isa = XCBuildConfiguration;
			buildSettings = {
				ASSETCATALOG_COMPILER_ALTERNATE_APPICON_NAMES = "AppIcon-MagniflyingGlass AppIcon-Map AppIcon-Mushroom AppIcon-Camera AppIcon-Campfire AppIcon-Backpack";
				ASSETCATALOG_COMPILER_APPICON_NAME = AppIcon;
				ASSETCATALOG_COMPILER_GLOBAL_ACCENT_COLOR_NAME = AccentColor;
				ASSETCATALOG_COMPILER_INCLUDE_ALL_APPICON_ASSETS = YES;
				CODE_SIGN_STYLE = Automatic;
				CURRENT_PROJECT_VERSION = 1;
				DEVELOPMENT_ASSET_PATHS = "\"Learn SwiftUI Day 2/Preview Content\"";
				DEVELOPMENT_TEAM = 8B2B8JUWKD;
				ENABLE_PREVIEWS = YES;
				GENERATE_INFOPLIST_FILE = YES;
				INFOPLIST_KEY_UIApplicationSceneManifest_Generation = YES;
				INFOPLIST_KEY_UIApplicationSupportsIndirectInputEvents = YES;
				INFOPLIST_KEY_UILaunchScreen_Generation = YES;
				INFOPLIST_KEY_UISupportedInterfaceOrientations_iPad = "UIInterfaceOrientationPortrait UIInterfaceOrientationPortraitUpsideDown UIInterfaceOrientationLandscapeLeft UIInterfaceOrientationLandscapeRight";
				INFOPLIST_KEY_UISupportedInterfaceOrientations_iPhone = "UIInterfaceOrientationPortrait UIInterfaceOrientationLandscapeLeft UIInterfaceOrientationLandscapeRight";
				LD_RUNPATH_SEARCH_PATHS = (
					"$(inherited)",
					"@executable_path/Frameworks",
				);
				MARKETING_VERSION = 1.0;
				PRODUCT_BUNDLE_IDENTIFIER = "com.jai.Learn-SwiftUI-Day-2";
				PRODUCT_NAME = "$(TARGET_NAME)";
				SWIFT_EMIT_LOC_STRINGS = YES;
				SWIFT_VERSION = 5.0;
				TARGETED_DEVICE_FAMILY = "1,2";
			};
			name = Release;
		};
/* End XCBuildConfiguration section */

/* Begin XCConfigurationList section */
		18D7CA462BA1B5BA00DCE6EE /* Build configuration list for PBXProject "Learn SwiftUI Day 2" */ = {
			isa = XCConfigurationList;
			buildConfigurations = (
				18D7CA572BA1B5BC00DCE6EE /* Debug */,
				18D7CA582BA1B5BC00DCE6EE /* Release */,
			);
			defaultConfigurationIsVisible = 0;
			defaultConfigurationName = Release;
		};
		18D7CA592BA1B5BC00DCE6EE /* Build configuration list for PBXNativeTarget "Learn SwiftUI Day 2" */ = {
			isa = XCConfigurationList;
			buildConfigurations = (
				18D7CA5A2BA1B5BC00DCE6EE /* Debug */,
				18D7CA5B2BA1B5BC00DCE6EE /* Release */,
			);
			defaultConfigurationIsVisible = 0;
			defaultConfigurationName = Release;
		};
/* End XCConfigurationList section */
	};
	rootObject = 18D7CA432BA1B5BA00DCE6EE /* Project object */;
}
