// !$*UTF8*$!
{
	archiveVersion = 1;
	classes = {
	};
	objectVersion = 56;
	objects = {

/* Begin PBXBuildFile section */
		182B31F82BA75F11006D17A8 /* Learn_SwiftUI_Day_6_AfricaApp.swift in Sources */ = {isa = PBXBuildFile; fileRef = 182B31F72BA75F11006D17A8 /* Learn_SwiftUI_Day_6_AfricaApp.swift */; };
		182B31FA2BA75F11006D17A8 /* ContentView.swift in Sources */ = {isa = PBXBuildFile; fileRef = 182B31F92BA75F11006D17A8 /* ContentView.swift */; };
		182B31FC2BA75F13006D17A8 /* Assets.xcassets in Resources */ = {isa = PBXBuildFile; fileRef = 182B31FB2BA75F13006D17A8 /* Assets.xcassets */; };
		182B31FF2BA75F13006D17A8 /* Preview Assets.xcassets in Resources */ = {isa = PBXBuildFile; fileRef = 182B31FE2BA75F13006D17A8 /* Preview Assets.xcassets */; };
		182B320C2BA76131006D17A8 /* covers.json in Resources */ = {isa = PBXBuildFile; fileRef = 182B32082BA76131006D17A8 /* covers.json */; };
		182B320D2BA76131006D17A8 /* locations.json in Resources */ = {isa = PBXBuildFile; fileRef = 182B32092BA76131006D17A8 /* locations.json */; };
		182B320E2BA76131006D17A8 /* videos.json in Resources */ = {isa = PBXBuildFile; fileRef = 182B320A2BA76131006D17A8 /* videos.json */; };
		182B320F2BA76131006D17A8 /* animals.json in Resources */ = {isa = PBXBuildFile; fileRef = 182B320B2BA76131006D17A8 /* animals.json */; };
		182B32142BA762FF006D17A8 /* VideoListView.swift in Sources */ = {isa = PBXBuildFile; fileRef = 182B32132BA762FF006D17A8 /* VideoListView.swift */; };
		182B32162BA7630A006D17A8 /* MapView.swift in Sources */ = {isa = PBXBuildFile; fileRef = 182B32152BA7630A006D17A8 /* MapView.swift */; };
		182B32182BA76318006D17A8 /* GalleryView.swift in Sources */ = {isa = PBXBuildFile; fileRef = 182B32172BA76318006D17A8 /* GalleryView.swift */; };
		182B321A2BA76324006D17A8 /* MainView.swift in Sources */ = {isa = PBXBuildFile; fileRef = 182B32192BA76324006D17A8 /* MainView.swift */; };
		182B321C2BA764E6006D17A8 /* CoverImageView.swift in Sources */ = {isa = PBXBuildFile; fileRef = 182B321B2BA764E6006D17A8 /* CoverImageView.swift */; };
		182B321F2BA766C2006D17A8 /* CoverImageModel.swift in Sources */ = {isa = PBXBuildFile; fileRef = 182B321E2BA766C2006D17A8 /* CoverImageModel.swift */; };
		182B32232BA767C1006D17A8 /* CodableBundleExtension.swift in Sources */ = {isa = PBXBuildFile; fileRef = 182B32222BA767C1006D17A8 /* CodableBundleExtension.swift */; };
		182B32252BA76AB6006D17A8 /* AnimalListItemView.swift in Sources */ = {isa = PBXBuildFile; fileRef = 182B32242BA76AB6006D17A8 /* AnimalListItemView.swift */; };
		182B32272BA76C89006D17A8 /* AnimalModel.swift in Sources */ = {isa = PBXBuildFile; fileRef = 182B32262BA76C89006D17A8 /* AnimalModel.swift */; };
		1893DC2D2BA7745C00899318 /* AnimalDetailView.swift in Sources */ = {isa = PBXBuildFile; fileRef = 1893DC2C2BA7745C00899318 /* AnimalDetailView.swift */; };
		1893DC2F2BA7765200899318 /* HeadingView.swift in Sources */ = {isa = PBXBuildFile; fileRef = 1893DC2E2BA7765200899318 /* HeadingView.swift */; };
		1893DC312BA777CD00899318 /* InsetGalleryView.swift in Sources */ = {isa = PBXBuildFile; fileRef = 1893DC302BA777CD00899318 /* InsetGalleryView.swift */; };
		1893DC332BA779FC00899318 /* InsetFactView.swift in Sources */ = {isa = PBXBuildFile; fileRef = 1893DC322BA779FC00899318 /* InsetFactView.swift */; };
		1893DC352BA77B9E00899318 /* InsetMapView.swift in Sources */ = {isa = PBXBuildFile; fileRef = 1893DC342BA77B9E00899318 /* InsetMapView.swift */; };
		1893DC372BA7810200899318 /* ExternalWebLinkView.swift in Sources */ = {isa = PBXBuildFile; fileRef = 1893DC362BA7810200899318 /* ExternalWebLinkView.swift */; };
		1893DC392BA877AE00899318 /* VideoModel.swift in Sources */ = {isa = PBXBuildFile; fileRef = 1893DC382BA877AE00899318 /* VideoModel.swift */; };
		1893DC3B2BA877FB00899318 /* VideoListItemView.swift in Sources */ = {isa = PBXBuildFile; fileRef = 1893DC3A2BA877FB00899318 /* VideoListItemView.swift */; };
		18C959422BA89F5800814ADE /* VideoPlayerView.swift in Sources */ = {isa = PBXBuildFile; fileRef = 18C959412BA89F5800814ADE /* VideoPlayerView.swift */; };
		18D3E5412BA8A4B70033224F /* cheetah.mp4 in Resources */ = {isa = PBXBuildFile; fileRef = 18D3E5362BA8A4B70033224F /* cheetah.mp4 */; };
		18D3E5422BA8A4B70033224F /* elephant.mp4 in Resources */ = {isa = PBXBuildFile; fileRef = 18D3E5372BA8A4B70033224F /* elephant.mp4 */; };
		18D3E5432BA8A4B70033224F /* giraffe.mp4 in Resources */ = {isa = PBXBuildFile; fileRef = 18D3E5382BA8A4B70033224F /* giraffe.mp4 */; };
		18D3E5442BA8A4B70033224F /* gorilla.mp4 in Resources */ = {isa = PBXBuildFile; fileRef = 18D3E5392BA8A4B70033224F /* gorilla.mp4 */; };
		18D3E5452BA8A4B70033224F /* hippo.mp4 in Resources */ = {isa = PBXBuildFile; fileRef = 18D3E53A2BA8A4B70033224F /* hippo.mp4 */; };
		18D3E5462BA8A4B70033224F /* lion.mp4 in Resources */ = {isa = PBXBuildFile; fileRef = 18D3E53B2BA8A4B70033224F /* lion.mp4 */; };
		18D3E5472BA8A4B70033224F /* lioness.mp4 in Resources */ = {isa = PBXBuildFile; fileRef = 18D3E53C2BA8A4B70033224F /* lioness.mp4 */; };
		18D3E5482BA8A4B70033224F /* ostrich.mp4 in Resources */ = {isa = PBXBuildFile; fileRef = 18D3E53D2BA8A4B70033224F /* ostrich.mp4 */; };
		18D3E5492BA8A4B70033224F /* rhino.mp4 in Resources */ = {isa = PBXBuildFile; fileRef = 18D3E53E2BA8A4B70033224F /* rhino.mp4 */; };
		18D3E54A2BA8A4B70033224F /* zebra.mp4 in Resources */ = {isa = PBXBuildFile; fileRef = 18D3E53F2BA8A4B70033224F /* zebra.mp4 */; };
		18D3E54D2BA8A5720033224F /* VideoPlayerHelper.swift in Sources */ = {isa = PBXBuildFile; fileRef = 18D3E54C2BA8A5720033224F /* VideoPlayerHelper.swift */; };
		18D3E54F2BA8BCF60033224F /* LocationModel.swift in Sources */ = {isa = PBXBuildFile; fileRef = 18D3E54E2BA8BCF60033224F /* LocationModel.swift */; };
		18D3E5512BA8D7EF0033224F /* MapAnnotationView.swift in Sources */ = {isa = PBXBuildFile; fileRef = 18D3E5502BA8D7EF0033224F /* MapAnnotationView.swift */; };
		18D3E5532BA8DE760033224F /* MotionAnimationView.swift in Sources */ = {isa = PBXBuildFile; fileRef = 18D3E5522BA8DE760033224F /* MotionAnimationView.swift */; };
		18D3E5552BA8E7AF0033224F /* AnimalGridItemView.swift in Sources */ = {isa = PBXBuildFile; fileRef = 18D3E5542BA8E7AF0033224F /* AnimalGridItemView.swift */; };
		18D3E55B2BA9EFD80033224F /* Stickers.xcassets in Resources */ = {isa = PBXBuildFile; fileRef = 18D3E55A2BA9EFD80033224F /* Stickers.xcassets */; };
		18D3E55F2BA9EFD80033224F /* Stickers.appex in Embed Foundation Extensions */ = {isa = PBXBuildFile; fileRef = 18D3E5582BA9EFD60033224F /* Stickers.appex */; settings = {ATTRIBUTES = (RemoveHeadersOnCopy, ); }; };
		18D3E5652BA9F3B20033224F /* CreditsView.swift in Sources */ = {isa = PBXBuildFile; fileRef = 18D3E5642BA9F3B20033224F /* CreditsView.swift */; };
		18D3E5682BA9F50A0033224F /* CenterModifier.swift in Sources */ = {isa = PBXBuildFile; fileRef = 18D3E5672BA9F50A0033224F /* CenterModifier.swift */; };
/* End PBXBuildFile section */

/* Begin PBXContainerItemProxy section */
		18D3E55D2BA9EFD80033224F /* PBXContainerItemProxy */ = {
			isa = PBXContainerItemProxy;
			containerPortal = 182B31EC2BA75F11006D17A8 /* Project object */;
			proxyType = 1;
			remoteGlobalIDString = 18D3E5572BA9EFD60033224F;
			remoteInfo = Stickers;
		};
/* End PBXContainerItemProxy section */

/* Begin PBXCopyFilesBuildPhase section */
		18D3E5632BA9EFD80033224F /* Embed Foundation Extensions */ = {
			isa = PBXCopyFilesBuildPhase;
			buildActionMask = 2147483647;
			dstPath = "";
			dstSubfolderSpec = 13;
			files = (
				18D3E55F2BA9EFD80033224F /* Stickers.appex in Embed Foundation Extensions */,
			);
			name = "Embed Foundation Extensions";
			runOnlyForDeploymentPostprocessing = 0;
		};
/* End PBXCopyFilesBuildPhase section */

/* Begin PBXFileReference section */
		182B31F42BA75F11006D17A8 /* Learn SwiftUI Day 6_Africa.app */ = {isa = PBXFileReference; explicitFileType = wrapper.application; includeInIndex = 0; path = "Learn SwiftUI Day 6_Africa.app"; sourceTree = BUILT_PRODUCTS_DIR; };
		182B31F72BA75F11006D17A8 /* Learn_SwiftUI_Day_6_AfricaApp.swift */ = {isa = PBXFileReference; lastKnownFileType = sourcecode.swift; path = Learn_SwiftUI_Day_6_AfricaApp.swift; sourceTree = "<group>"; };
		182B31F92BA75F11006D17A8 /* ContentView.swift */ = {isa = PBXFileReference; lastKnownFileType = sourcecode.swift; path = ContentView.swift; sourceTree = "<group>"; };
		182B31FB2BA75F13006D17A8 /* Assets.xcassets */ = {isa = PBXFileReference; lastKnownFileType = folder.assetcatalog; path = Assets.xcassets; sourceTree = "<group>"; };
		182B31FE2BA75F13006D17A8 /* Preview Assets.xcassets */ = {isa = PBXFileReference; lastKnownFileType = folder.assetcatalog; path = "Preview Assets.xcassets"; sourceTree = "<group>"; };
		182B32082BA76131006D17A8 /* covers.json */ = {isa = PBXFileReference; fileEncoding = 4; lastKnownFileType = text.json; path = covers.json; sourceTree = "<group>"; };
		182B32092BA76131006D17A8 /* locations.json */ = {isa = PBXFileReference; fileEncoding = 4; lastKnownFileType = text.json; path = locations.json; sourceTree = "<group>"; };
		182B320A2BA76131006D17A8 /* videos.json */ = {isa = PBXFileReference; fileEncoding = 4; lastKnownFileType = text.json; path = videos.json; sourceTree = "<group>"; };
		182B320B2BA76131006D17A8 /* animals.json */ = {isa = PBXFileReference; fileEncoding = 4; lastKnownFileType = text.json; path = animals.json; sourceTree = "<group>"; };
		182B32102BA7620F006D17A8 /* Learn-SwiftUI-Day-6-Africa-Info.plist */ = {isa = PBXFileReference; lastKnownFileType = text.plist; path = "Learn-SwiftUI-Day-6-Africa-Info.plist"; sourceTree = SOURCE_ROOT; };
		182B32132BA762FF006D17A8 /* VideoListView.swift */ = {isa = PBXFileReference; lastKnownFileType = sourcecode.swift; path = VideoListView.swift; sourceTree = "<group>"; };
		182B32152BA7630A006D17A8 /* MapView.swift */ = {isa = PBXFileReference; lastKnownFileType = sourcecode.swift; path = MapView.swift; sourceTree = "<group>"; };
		182B32172BA76318006D17A8 /* GalleryView.swift */ = {isa = PBXFileReference; lastKnownFileType = sourcecode.swift; path = GalleryView.swift; sourceTree = "<group>"; };
		182B32192BA76324006D17A8 /* MainView.swift */ = {isa = PBXFileReference; lastKnownFileType = sourcecode.swift; path = MainView.swift; sourceTree = "<group>"; };
		182B321B2BA764E6006D17A8 /* CoverImageView.swift */ = {isa = PBXFileReference; lastKnownFileType = sourcecode.swift; path = CoverImageView.swift; sourceTree = "<group>"; };
		182B321E2BA766C2006D17A8 /* CoverImageModel.swift */ = {isa = PBXFileReference; lastKnownFileType = sourcecode.swift; path = CoverImageModel.swift; sourceTree = "<group>"; };
		182B32222BA767C1006D17A8 /* CodableBundleExtension.swift */ = {isa = PBXFileReference; lastKnownFileType = sourcecode.swift; path = CodableBundleExtension.swift; sourceTree = "<group>"; };
		182B32242BA76AB6006D17A8 /* AnimalListItemView.swift */ = {isa = PBXFileReference; lastKnownFileType = sourcecode.swift; path = AnimalListItemView.swift; sourceTree = "<group>"; };
		182B32262BA76C89006D17A8 /* AnimalModel.swift */ = {isa = PBXFileReference; lastKnownFileType = sourcecode.swift; path = AnimalModel.swift; sourceTree = "<group>"; };
		1893DC2C2BA7745C00899318 /* AnimalDetailView.swift */ = {isa = PBXFileReference; lastKnownFileType = sourcecode.swift; path = AnimalDetailView.swift; sourceTree = "<group>"; };
		1893DC2E2BA7765200899318 /* HeadingView.swift */ = {isa = PBXFileReference; lastKnownFileType = sourcecode.swift; path = HeadingView.swift; sourceTree = "<group>"; };
		1893DC302BA777CD00899318 /* InsetGalleryView.swift */ = {isa = PBXFileReference; lastKnownFileType = sourcecode.swift; path = InsetGalleryView.swift; sourceTree = "<group>"; };
		1893DC322BA779FC00899318 /* InsetFactView.swift */ = {isa = PBXFileReference; lastKnownFileType = sourcecode.swift; path = InsetFactView.swift; sourceTree = "<group>"; };
		1893DC342BA77B9E00899318 /* InsetMapView.swift */ = {isa = PBXFileReference; lastKnownFileType = sourcecode.swift; path = InsetMapView.swift; sourceTree = "<group>"; };
		1893DC362BA7810200899318 /* ExternalWebLinkView.swift */ = {isa = PBXFileReference; lastKnownFileType = sourcecode.swift; path = ExternalWebLinkView.swift; sourceTree = "<group>"; };
		1893DC382BA877AE00899318 /* VideoModel.swift */ = {isa = PBXFileReference; lastKnownFileType = sourcecode.swift; path = VideoModel.swift; sourceTree = "<group>"; };
		1893DC3A2BA877FB00899318 /* VideoListItemView.swift */ = {isa = PBXFileReference; lastKnownFileType = sourcecode.swift; path = VideoListItemView.swift; sourceTree = "<group>"; };
		18C959412BA89F5800814ADE /* VideoPlayerView.swift */ = {isa = PBXFileReference; lastKnownFileType = sourcecode.swift; path = VideoPlayerView.swift; sourceTree = "<group>"; };
		18D3E5362BA8A4B70033224F /* cheetah.mp4 */ = {isa = PBXFileReference; lastKnownFileType = file; path = cheetah.mp4; sourceTree = "<group>"; };
		18D3E5372BA8A4B70033224F /* elephant.mp4 */ = {isa = PBXFileReference; lastKnownFileType = file; path = elephant.mp4; sourceTree = "<group>"; };
		18D3E5382BA8A4B70033224F /* giraffe.mp4 */ = {isa = PBXFileReference; lastKnownFileType = file; path = giraffe.mp4; sourceTree = "<group>"; };
		18D3E5392BA8A4B70033224F /* gorilla.mp4 */ = {isa = PBXFileReference; lastKnownFileType = file; path = gorilla.mp4; sourceTree = "<group>"; };
		18D3E53A2BA8A4B70033224F /* hippo.mp4 */ = {isa = PBXFileReference; lastKnownFileType = file; path = hippo.mp4; sourceTree = "<group>"; };
		18D3E53B2BA8A4B70033224F /* lion.mp4 */ = {isa = PBXFileReference; lastKnownFileType = file; path = lion.mp4; sourceTree = "<group>"; };
		18D3E53C2BA8A4B70033224F /* lioness.mp4 */ = {isa = PBXFileReference; lastKnownFileType = file; path = lioness.mp4; sourceTree = "<group>"; };
		18D3E53D2BA8A4B70033224F /* ostrich.mp4 */ = {isa = PBXFileReference; lastKnownFileType = file; path = ostrich.mp4; sourceTree = "<group>"; };
		18D3E53E2BA8A4B70033224F /* rhino.mp4 */ = {isa = PBXFileReference; lastKnownFileType = file; path = rhino.mp4; sourceTree = "<group>"; };
		18D3E53F2BA8A4B70033224F /* zebra.mp4 */ = {isa = PBXFileReference; lastKnownFileType = file; path = zebra.mp4; sourceTree = "<group>"; };
		18D3E54C2BA8A5720033224F /* VideoPlayerHelper.swift */ = {isa = PBXFileReference; lastKnownFileType = sourcecode.swift; path = VideoPlayerHelper.swift; sourceTree = "<group>"; };
		18D3E54E2BA8BCF60033224F /* LocationModel.swift */ = {isa = PBXFileReference; lastKnownFileType = sourcecode.swift; path = LocationModel.swift; sourceTree = "<group>"; };
		18D3E5502BA8D7EF0033224F /* MapAnnotationView.swift */ = {isa = PBXFileReference; lastKnownFileType = sourcecode.swift; path = MapAnnotationView.swift; sourceTree = "<group>"; };
		18D3E5522BA8DE760033224F /* MotionAnimationView.swift */ = {isa = PBXFileReference; lastKnownFileType = sourcecode.swift; path = MotionAnimationView.swift; sourceTree = "<group>"; };
		18D3E5542BA8E7AF0033224F /* AnimalGridItemView.swift */ = {isa = PBXFileReference; lastKnownFileType = sourcecode.swift; path = AnimalGridItemView.swift; sourceTree = "<group>"; };
		18D3E5582BA9EFD60033224F /* Stickers.appex */ = {isa = PBXFileReference; explicitFileType = "wrapper.app-extension"; includeInIndex = 0; path = Stickers.appex; sourceTree = BUILT_PRODUCTS_DIR; };
		18D3E55A2BA9EFD80033224F /* Stickers.xcassets */ = {isa = PBXFileReference; lastKnownFileType = folder.assetcatalog; path = Stickers.xcassets; sourceTree = "<group>"; };
		18D3E55C2BA9EFD80033224F /* Info.plist */ = {isa = PBXFileReference; lastKnownFileType = text.plist.xml; path = Info.plist; sourceTree = "<group>"; };
		18D3E5642BA9F3B20033224F /* CreditsView.swift */ = {isa = PBXFileReference; lastKnownFileType = sourcecode.swift; path = CreditsView.swift; sourceTree = "<group>"; };
		18D3E5672BA9F50A0033224F /* CenterModifier.swift */ = {isa = PBXFileReference; lastKnownFileType = sourcecode.swift; path = CenterModifier.swift; sourceTree = "<group>"; };
/* End PBXFileReference section */

/* Begin PBXFrameworksBuildPhase section */
		182B31F12BA75F11006D17A8 /* Frameworks */ = {
			isa = PBXFrameworksBuildPhase;
			buildActionMask = 2147483647;
			files = (
			);
			runOnlyForDeploymentPostprocessing = 0;
		};
/* End PBXFrameworksBuildPhase section */

/* Begin PBXGroup section */
		182B31EB2BA75F11006D17A8 = {
			isa = PBXGroup;
			children = (
				182B31F62BA75F11006D17A8 /* Learn SwiftUI Day 6_Africa */,
				18D3E5592BA9EFD60033224F /* Stickers */,
				182B31F52BA75F11006D17A8 /* Products */,
			);
			sourceTree = "<group>";
		};
		182B31F52BA75F11006D17A8 /* Products */ = {
			isa = PBXGroup;
			children = (
				182B31F42BA75F11006D17A8 /* Learn SwiftUI Day 6_Africa.app */,
				18D3E5582BA9EFD60033224F /* Stickers.appex */,
			);
			name = Products;
			sourceTree = "<group>";
		};
		182B31F62BA75F11006D17A8 /* Learn SwiftUI Day 6_Africa */ = {
			isa = PBXGroup;
			children = (
				18D3E5662BA9F4F20033224F /* Modifier */,
				18D3E54B2BA8A5600033224F /* Helper */,
				182B32212BA767A8006D17A8 /* Extension */,
				182B32102BA7620F006D17A8 /* Learn-SwiftUI-Day-6-Africa-Info.plist */,
				182B32072BA7611E006D17A8 /* Data */,
				182B32112BA762B4006D17A8 /* App */,
				182B31FB2BA75F13006D17A8 /* Assets.xcassets */,
				182B31FD2BA75F13006D17A8 /* Preview Content */,
				182B321D2BA764EC006D17A8 /* View */,
				18D3E5402BA8A4B70033224F /* video */,
				182B32202BA766C5006D17A8 /* Model */,
			);
			path = "Learn SwiftUI Day 6_Africa";
			sourceTree = "<group>";
		};
		182B31FD2BA75F13006D17A8 /* Preview Content */ = {
			isa = PBXGroup;
			children = (
				182B31FE2BA75F13006D17A8 /* Preview Assets.xcassets */,
			);
			path = "Preview Content";
			sourceTree = "<group>";
		};
		182B32072BA7611E006D17A8 /* Data */ = {
			isa = PBXGroup;
			children = (
				182B320B2BA76131006D17A8 /* animals.json */,
				182B32082BA76131006D17A8 /* covers.json */,
				182B32092BA76131006D17A8 /* locations.json */,
				182B320A2BA76131006D17A8 /* videos.json */,
			);
			path = Data;
			sourceTree = "<group>";
		};
		182B32112BA762B4006D17A8 /* App */ = {
			isa = PBXGroup;
			children = (
				182B31F72BA75F11006D17A8 /* Learn_SwiftUI_Day_6_AfricaApp.swift */,
				182B32122BA762BD006D17A8 /* Screen */,
			);
			path = App;
			sourceTree = "<group>";
		};
		182B32122BA762BD006D17A8 /* Screen */ = {
			isa = PBXGroup;
			children = (
				182B31F92BA75F11006D17A8 /* ContentView.swift */,
				182B32132BA762FF006D17A8 /* VideoListView.swift */,
				182B32152BA7630A006D17A8 /* MapView.swift */,
				182B32172BA76318006D17A8 /* GalleryView.swift */,
				182B32192BA76324006D17A8 /* MainView.swift */,
			);
			path = Screen;
			sourceTree = "<group>";
		};
		182B321D2BA764EC006D17A8 /* View */ = {
			isa = PBXGroup;
			children = (
				182B321B2BA764E6006D17A8 /* CoverImageView.swift */,
				182B32242BA76AB6006D17A8 /* AnimalListItemView.swift */,
				1893DC2C2BA7745C00899318 /* AnimalDetailView.swift */,
				1893DC2E2BA7765200899318 /* HeadingView.swift */,
				1893DC302BA777CD00899318 /* InsetGalleryView.swift */,
				1893DC322BA779FC00899318 /* InsetFactView.swift */,
				1893DC342BA77B9E00899318 /* InsetMapView.swift */,
				18D3E5522BA8DE760033224F /* MotionAnimationView.swift */,
				1893DC362BA7810200899318 /* ExternalWebLinkView.swift */,
				18C959412BA89F5800814ADE /* VideoPlayerView.swift */,
				1893DC3A2BA877FB00899318 /* VideoListItemView.swift */,
				18D3E5502BA8D7EF0033224F /* MapAnnotationView.swift */,
				18D3E5542BA8E7AF0033224F /* AnimalGridItemView.swift */,
				18D3E5642BA9F3B20033224F /* CreditsView.swift */,
			);
			path = View;
			sourceTree = "<group>";
		};
		182B32202BA766C5006D17A8 /* Model */ = {
			isa = PBXGroup;
			children = (
				182B321E2BA766C2006D17A8 /* CoverImageModel.swift */,
				18D3E54E2BA8BCF60033224F /* LocationModel.swift */,
				182B32262BA76C89006D17A8 /* AnimalModel.swift */,
				1893DC382BA877AE00899318 /* VideoModel.swift */,
			);
			path = Model;
			sourceTree = "<group>";
		};
		182B32212BA767A8006D17A8 /* Extension */ = {
			isa = PBXGroup;
			children = (
				182B32222BA767C1006D17A8 /* CodableBundleExtension.swift */,
			);
			path = Extension;
			sourceTree = "<group>";
		};
		18D3E5402BA8A4B70033224F /* video */ = {
			isa = PBXGroup;
			children = (
				18D3E5362BA8A4B70033224F /* cheetah.mp4 */,
				18D3E5372BA8A4B70033224F /* elephant.mp4 */,
				18D3E5382BA8A4B70033224F /* giraffe.mp4 */,
				18D3E5392BA8A4B70033224F /* gorilla.mp4 */,
				18D3E53A2BA8A4B70033224F /* hippo.mp4 */,
				18D3E53B2BA8A4B70033224F /* lion.mp4 */,
				18D3E53C2BA8A4B70033224F /* lioness.mp4 */,
				18D3E53D2BA8A4B70033224F /* ostrich.mp4 */,
				18D3E53E2BA8A4B70033224F /* rhino.mp4 */,
				18D3E53F2BA8A4B70033224F /* zebra.mp4 */,
			);
			path = video;
			sourceTree = "<group>";
		};
		18D3E54B2BA8A5600033224F /* Helper */ = {
			isa = PBXGroup;
			children = (
				18D3E54C2BA8A5720033224F /* VideoPlayerHelper.swift */,
			);
			path = Helper;
			sourceTree = "<group>";
		};
		18D3E5592BA9EFD60033224F /* Stickers */ = {
			isa = PBXGroup;
			children = (
				18D3E55A2BA9EFD80033224F /* Stickers.xcassets */,
				18D3E55C2BA9EFD80033224F /* Info.plist */,
			);
			path = Stickers;
			sourceTree = "<group>";
		};
		18D3E5662BA9F4F20033224F /* Modifier */ = {
			isa = PBXGroup;
			children = (
				18D3E5672BA9F50A0033224F /* CenterModifier.swift */,
			);
			path = Modifier;
			sourceTree = "<group>";
		};
/* End PBXGroup section */

/* Begin PBXNativeTarget section */
		182B31F32BA75F11006D17A8 /* Learn SwiftUI Day 6_Africa */ = {
			isa = PBXNativeTarget;
			buildConfigurationList = 182B32022BA75F13006D17A8 /* Build configuration list for PBXNativeTarget "Learn SwiftUI Day 6_Africa" */;
			buildPhases = (
				182B31F02BA75F11006D17A8 /* Sources */,
				182B31F12BA75F11006D17A8 /* Frameworks */,
				182B31F22BA75F11006D17A8 /* Resources */,
				18D3E5632BA9EFD80033224F /* Embed Foundation Extensions */,
			);
			buildRules = (
			);
			dependencies = (
				18D3E55E2BA9EFD80033224F /* PBXTargetDependency */,
			);
			name = "Learn SwiftUI Day 6_Africa";
			productName = "Learn SwiftUI Day 6_Africa";
			productReference = 182B31F42BA75F11006D17A8 /* Learn SwiftUI Day 6_Africa.app */;
			productType = "com.apple.product-type.application";
		};
		18D3E5572BA9EFD60033224F /* Stickers */ = {
			isa = PBXNativeTarget;
			buildConfigurationList = 18D3E5602BA9EFD80033224F /* Build configuration list for PBXNativeTarget "Stickers" */;
			buildPhases = (
				18D3E5562BA9EFD60033224F /* Resources */,
			);
			buildRules = (
			);
			dependencies = (
			);
			name = Stickers;
			productName = Stickers;
			productReference = 18D3E5582BA9EFD60033224F /* Stickers.appex */;
			productType = "com.apple.product-type.app-extension.messages-sticker-pack";
		};
/* End PBXNativeTarget section */

/* Begin PBXProject section */
		182B31EC2BA75F11006D17A8 /* Project object */ = {
			isa = PBXProject;
			attributes = {
				BuildIndependentTargetsInParallel = 1;
				LastSwiftUpdateCheck = 1530;
				LastUpgradeCheck = 1530;
				TargetAttributes = {
					182B31F32BA75F11006D17A8 = {
						CreatedOnToolsVersion = 15.3;
					};
					18D3E5572BA9EFD60033224F = {
						CreatedOnToolsVersion = 15.3;
					};
				};
			};
			buildConfigurationList = 182B31EF2BA75F11006D17A8 /* Build configuration list for PBXProject "Learn SwiftUI Day 6_Africa" */;
			compatibilityVersion = "Xcode 14.0";
			developmentRegion = en;
			hasScannedForEncodings = 0;
			knownRegions = (
				en,
				Base,
			);
			mainGroup = 182B31EB2BA75F11006D17A8;
			productRefGroup = 182B31F52BA75F11006D17A8 /* Products */;
			projectDirPath = "";
			projectRoot = "";
			targets = (
				182B31F32BA75F11006D17A8 /* Learn SwiftUI Day 6_Africa */,
				18D3E5572BA9EFD60033224F /* Stickers */,
			);
		};
/* End PBXProject section */

/* Begin PBXResourcesBuildPhase section */
		182B31F22BA75F11006D17A8 /* Resources */ = {
			isa = PBXResourcesBuildPhase;
			buildActionMask = 2147483647;
			files = (
				182B320F2BA76131006D17A8 /* animals.json in Resources */,
				18D3E5462BA8A4B70033224F /* lion.mp4 in Resources */,
				18D3E5452BA8A4B70033224F /* hippo.mp4 in Resources */,
				18D3E5492BA8A4B70033224F /* rhino.mp4 in Resources */,
				182B320C2BA76131006D17A8 /* covers.json in Resources */,
				18D3E5472BA8A4B70033224F /* lioness.mp4 in Resources */,
				18D3E5442BA8A4B70033224F /* gorilla.mp4 in Resources */,
				182B320D2BA76131006D17A8 /* locations.json in Resources */,
				182B31FF2BA75F13006D17A8 /* Preview Assets.xcassets in Resources */,
				18D3E5482BA8A4B70033224F /* ostrich.mp4 in Resources */,
				18D3E5422BA8A4B70033224F /* elephant.mp4 in Resources */,
				182B31FC2BA75F13006D17A8 /* Assets.xcassets in Resources */,
				18D3E54A2BA8A4B70033224F /* zebra.mp4 in Resources */,
				182B320E2BA76131006D17A8 /* videos.json in Resources */,
				18D3E5412BA8A4B70033224F /* cheetah.mp4 in Resources */,
				18D3E5432BA8A4B70033224F /* giraffe.mp4 in Resources */,
			);
			runOnlyForDeploymentPostprocessing = 0;
		};
		18D3E5562BA9EFD60033224F /* Resources */ = {
			isa = PBXResourcesBuildPhase;
			buildActionMask = 2147483647;
			files = (
				18D3E55B2BA9EFD80033224F /* Stickers.xcassets in Resources */,
			);
			runOnlyForDeploymentPostprocessing = 0;
		};
/* End PBXResourcesBuildPhase section */

/* Begin PBXSourcesBuildPhase section */
		182B31F02BA75F11006D17A8 /* Sources */ = {
			isa = PBXSourcesBuildPhase;
			buildActionMask = 2147483647;
			files = (
				182B31FA2BA75F11006D17A8 /* ContentView.swift in Sources */,
				182B32252BA76AB6006D17A8 /* AnimalListItemView.swift in Sources */,
				182B321A2BA76324006D17A8 /* MainView.swift in Sources */,
				1893DC332BA779FC00899318 /* InsetFactView.swift in Sources */,
				182B321C2BA764E6006D17A8 /* CoverImageView.swift in Sources */,
				182B321F2BA766C2006D17A8 /* CoverImageModel.swift in Sources */,
				1893DC2D2BA7745C00899318 /* AnimalDetailView.swift in Sources */,
				182B32272BA76C89006D17A8 /* AnimalModel.swift in Sources */,
				182B32162BA7630A006D17A8 /* MapView.swift in Sources */,
				1893DC352BA77B9E00899318 /* InsetMapView.swift in Sources */,
				18D3E54D2BA8A5720033224F /* VideoPlayerHelper.swift in Sources */,
				182B31F82BA75F11006D17A8 /* Learn_SwiftUI_Day_6_AfricaApp.swift in Sources */,
				1893DC372BA7810200899318 /* ExternalWebLinkView.swift in Sources */,
				18D3E5512BA8D7EF0033224F /* MapAnnotationView.swift in Sources */,
				182B32142BA762FF006D17A8 /* VideoListView.swift in Sources */,
				1893DC392BA877AE00899318 /* VideoModel.swift in Sources */,
				182B32182BA76318006D17A8 /* GalleryView.swift in Sources */,
				18D3E54F2BA8BCF60033224F /* LocationModel.swift in Sources */,
				18D3E5552BA8E7AF0033224F /* AnimalGridItemView.swift in Sources */,
				1893DC312BA777CD00899318 /* InsetGalleryView.swift in Sources */,
				1893DC3B2BA877FB00899318 /* VideoListItemView.swift in Sources */,
				18D3E5652BA9F3B20033224F /* CreditsView.swift in Sources */,
				182B32232BA767C1006D17A8 /* CodableBundleExtension.swift in Sources */,
				18D3E5532BA8DE760033224F /* MotionAnimationView.swift in Sources */,
				18D3E5682BA9F50A0033224F /* CenterModifier.swift in Sources */,
				1893DC2F2BA7765200899318 /* HeadingView.swift in Sources */,
				18C959422BA89F5800814ADE /* VideoPlayerView.swift in Sources */,
			);
			runOnlyForDeploymentPostprocessing = 0;
		};
/* End PBXSourcesBuildPhase section */

/* Begin PBXTargetDependency section */
		18D3E55E2BA9EFD80033224F /* PBXTargetDependency */ = {
			isa = PBXTargetDependency;
			target = 18D3E5572BA9EFD60033224F /* Stickers */;
			targetProxy = 18D3E55D2BA9EFD80033224F /* PBXContainerItemProxy */;
		};
/* End PBXTargetDependency section */

/* Begin XCBuildConfiguration section */
		182B32002BA75F13006D17A8 /* Debug */ = {
			isa = XCBuildConfiguration;
			buildSettings = {
				ALWAYS_SEARCH_USER_PATHS = NO;
				ASSETCATALOG_COMPILER_GENERATE_SWIFT_ASSET_SYMBOL_EXTENSIONS = YES;
				CLANG_ANALYZER_NONNULL = YES;
				CLANG_ANALYZER_NUMBER_OBJECT_CONVERSION = YES_AGGRESSIVE;
				CLANG_CXX_LANGUAGE_STANDARD = "gnu++20";
				CLANG_ENABLE_MODULES = YES;
				CLANG_ENABLE_OBJC_ARC = YES;
				CLANG_ENABLE_OBJC_WEAK = YES;
				CLANG_WARN_BLOCK_CAPTURE_AUTORELEASING = YES;
				CLANG_WARN_BOOL_CONVERSION = YES;
				CLANG_WARN_COMMA = YES;
				CLANG_WARN_CONSTANT_CONVERSION = YES;
				CLANG_WARN_DEPRECATED_OBJC_IMPLEMENTATIONS = YES;
				CLANG_WARN_DIRECT_OBJC_ISA_USAGE = YES_ERROR;
				CLANG_WARN_DOCUMENTATION_COMMENTS = YES;
				CLANG_WARN_EMPTY_BODY = YES;
				CLANG_WARN_ENUM_CONVERSION = YES;
				CLANG_WARN_INFINITE_RECURSION = YES;
				CLANG_WARN_INT_CONVERSION = YES;
				CLANG_WARN_NON_LITERAL_NULL_CONVERSION = YES;
				CLANG_WARN_OBJC_IMPLICIT_RETAIN_SELF = YES;
				CLANG_WARN_OBJC_LITERAL_CONVERSION = YES;
				CLANG_WARN_OBJC_ROOT_CLASS = YES_ERROR;
				CLANG_WARN_QUOTED_INCLUDE_IN_FRAMEWORK_HEADER = YES;
				CLANG_WARN_RANGE_LOOP_ANALYSIS = YES;
				CLANG_WARN_STRICT_PROTOTYPES = YES;
				CLANG_WARN_SUSPICIOUS_MOVE = YES;
				CLANG_WARN_UNGUARDED_AVAILABILITY = YES_AGGRESSIVE;
				CLANG_WARN_UNREACHABLE_CODE = YES;
				CLANG_WARN__DUPLICATE_METHOD_MATCH = YES;
				COPY_PHASE_STRIP = NO;
				DEBUG_INFORMATION_FORMAT = dwarf;
				ENABLE_STRICT_OBJC_MSGSEND = YES;
				ENABLE_TESTABILITY = YES;
				ENABLE_USER_SCRIPT_SANDBOXING = YES;
				GCC_C_LANGUAGE_STANDARD = gnu17;
				GCC_DYNAMIC_NO_PIC = NO;
				GCC_NO_COMMON_BLOCKS = YES;
				GCC_OPTIMIZATION_LEVEL = 0;
				GCC_PREPROCESSOR_DEFINITIONS = (
					"DEBUG=1",
					"$(inherited)",
				);
				GCC_WARN_64_TO_32_BIT_CONVERSION = YES;
				GCC_WARN_ABOUT_RETURN_TYPE = YES_ERROR;
				GCC_WARN_UNDECLARED_SELECTOR = YES;
				GCC_WARN_UNINITIALIZED_AUTOS = YES_AGGRESSIVE;
				GCC_WARN_UNUSED_FUNCTION = YES;
				GCC_WARN_UNUSED_VARIABLE = YES;
				IPHONEOS_DEPLOYMENT_TARGET = 17.4;
				LOCALIZATION_PREFERS_STRING_CATALOGS = YES;
				MTL_ENABLE_DEBUG_INFO = INCLUDE_SOURCE;
				MTL_FAST_MATH = YES;
				ONLY_ACTIVE_ARCH = YES;
				SDKROOT = iphoneos;
				SWIFT_ACTIVE_COMPILATION_CONDITIONS = "DEBUG $(inherited)";
				SWIFT_OPTIMIZATION_LEVEL = "-Onone";
			};
			name = Debug;
		};
		182B32012BA75F13006D17A8 /* Release */ = {
			isa = XCBuildConfiguration;
			buildSettings = {
				ALWAYS_SEARCH_USER_PATHS = NO;
				ASSETCATALOG_COMPILER_GENERATE_SWIFT_ASSET_SYMBOL_EXTENSIONS = YES;
				CLANG_ANALYZER_NONNULL = YES;
				CLANG_ANALYZER_NUMBER_OBJECT_CONVERSION = YES_AGGRESSIVE;
				CLANG_CXX_LANGUAGE_STANDARD = "gnu++20";
				CLANG_ENABLE_MODULES = YES;
				CLANG_ENABLE_OBJC_ARC = YES;
				CLANG_ENABLE_OBJC_WEAK = YES;
				CLANG_WARN_BLOCK_CAPTURE_AUTORELEASING = YES;
				CLANG_WARN_BOOL_CONVERSION = YES;
				CLANG_WARN_COMMA = YES;
				CLANG_WARN_CONSTANT_CONVERSION = YES;
				CLANG_WARN_DEPRECATED_OBJC_IMPLEMENTATIONS = YES;
				CLANG_WARN_DIRECT_OBJC_ISA_USAGE = YES_ERROR;
				CLANG_WARN_DOCUMENTATION_COMMENTS = YES;
				CLANG_WARN_EMPTY_BODY = YES;
				CLANG_WARN_ENUM_CONVERSION = YES;
				CLANG_WARN_INFINITE_RECURSION = YES;
				CLANG_WARN_INT_CONVERSION = YES;
				CLANG_WARN_NON_LITERAL_NULL_CONVERSION = YES;
				CLANG_WARN_OBJC_IMPLICIT_RETAIN_SELF = YES;
				CLANG_WARN_OBJC_LITERAL_CONVERSION = YES;
				CLANG_WARN_OBJC_ROOT_CLASS = YES_ERROR;
				CLANG_WARN_QUOTED_INCLUDE_IN_FRAMEWORK_HEADER = YES;
				CLANG_WARN_RANGE_LOOP_ANALYSIS = YES;
				CLANG_WARN_STRICT_PROTOTYPES = YES;
				CLANG_WARN_SUSPICIOUS_MOVE = YES;
				CLANG_WARN_UNGUARDED_AVAILABILITY = YES_AGGRESSIVE;
				CLANG_WARN_UNREACHABLE_CODE = YES;
				CLANG_WARN__DUPLICATE_METHOD_MATCH = YES;
				COPY_PHASE_STRIP = NO;
				DEBUG_INFORMATION_FORMAT = "dwarf-with-dsym";
				ENABLE_NS_ASSERTIONS = NO;
				ENABLE_STRICT_OBJC_MSGSEND = YES;
				ENABLE_USER_SCRIPT_SANDBOXING = YES;
				GCC_C_LANGUAGE_STANDARD = gnu17;
				GCC_NO_COMMON_BLOCKS = YES;
				GCC_WARN_64_TO_32_BIT_CONVERSION = YES;
				GCC_WARN_ABOUT_RETURN_TYPE = YES_ERROR;
				GCC_WARN_UNDECLARED_SELECTOR = YES;
				GCC_WARN_UNINITIALIZED_AUTOS = YES_AGGRESSIVE;
				GCC_WARN_UNUSED_FUNCTION = YES;
				GCC_WARN_UNUSED_VARIABLE = YES;
				IPHONEOS_DEPLOYMENT_TARGET = 17.4;
				LOCALIZATION_PREFERS_STRING_CATALOGS = YES;
				MTL_ENABLE_DEBUG_INFO = NO;
				MTL_FAST_MATH = YES;
				SDKROOT = iphoneos;
				SWIFT_COMPILATION_MODE = wholemodule;
				VALIDATE_PRODUCT = YES;
			};
			name = Release;
		};
		182B32032BA75F13006D17A8 /* Debug */ = {
			isa = XCBuildConfiguration;
			buildSettings = {
				ASSETCATALOG_COMPILER_APPICON_NAME = AppIcon;
				ASSETCATALOG_COMPILER_GLOBAL_ACCENT_COLOR_NAME = AccentColor;
				CODE_SIGN_IDENTITY = "Apple Development";
				CODE_SIGN_STYLE = Automatic;
				CURRENT_PROJECT_VERSION = 1;
				DEVELOPMENT_ASSET_PATHS = "\"Learn SwiftUI Day 6_Africa/Preview Content\"";
				DEVELOPMENT_TEAM = 8B2B8JUWKD;
				ENABLE_PREVIEWS = YES;
				GENERATE_INFOPLIST_FILE = YES;
				INFOPLIST_FILE = "Learn-SwiftUI-Day-6-Africa-Info.plist";
				INFOPLIST_KEY_UIApplicationSceneManifest_Generation = YES;
				INFOPLIST_KEY_UIApplicationSupportsIndirectInputEvents = YES;
				INFOPLIST_KEY_UISupportedInterfaceOrientations_iPad = "UIInterfaceOrientationPortrait UIInterfaceOrientationPortraitUpsideDown UIInterfaceOrientationLandscapeLeft UIInterfaceOrientationLandscapeRight";
				INFOPLIST_KEY_UISupportedInterfaceOrientations_iPhone = "UIInterfaceOrientationPortrait UIInterfaceOrientationLandscapeLeft UIInterfaceOrientationLandscapeRight";
				INFOPLIST_KEY_UIUserInterfaceStyle = Dark;
				LD_RUNPATH_SEARCH_PATHS = (
					"$(inherited)",
					"@executable_path/Frameworks",
				);
				MARKETING_VERSION = 1.0;
				PRODUCT_BUNDLE_IDENTIFIER = "com.jai.Learn-SwiftUI-Day-6-Africa";
				PRODUCT_NAME = "$(TARGET_NAME)";
				PROVISIONING_PROFILE_SPECIFIER = "";
				SWIFT_EMIT_LOC_STRINGS = YES;
				SWIFT_VERSION = 5.0;
				TARGETED_DEVICE_FAMILY = "1,2";
			};
			name = Debug;
		};
		182B32042BA75F13006D17A8 /* Release */ = {
			isa = XCBuildConfiguration;
			buildSettings = {
				ASSETCATALOG_COMPILER_APPICON_NAME = AppIcon;
				ASSETCATALOG_COMPILER_GLOBAL_ACCENT_COLOR_NAME = AccentColor;
				CODE_SIGN_IDENTITY = "Apple Development";
				CODE_SIGN_STYLE = Automatic;
				CURRENT_PROJECT_VERSION = 1;
				DEVELOPMENT_ASSET_PATHS = "\"Learn SwiftUI Day 6_Africa/Preview Content\"";
				DEVELOPMENT_TEAM = 8B2B8JUWKD;
				ENABLE_PREVIEWS = YES;
				GENERATE_INFOPLIST_FILE = YES;
				INFOPLIST_FILE = "Learn-SwiftUI-Day-6-Africa-Info.plist";
				INFOPLIST_KEY_UIApplicationSceneManifest_Generation = YES;
				INFOPLIST_KEY_UIApplicationSupportsIndirectInputEvents = YES;
				INFOPLIST_KEY_UISupportedInterfaceOrientations_iPad = "UIInterfaceOrientationPortrait UIInterfaceOrientationPortraitUpsideDown UIInterfaceOrientationLandscapeLeft UIInterfaceOrientationLandscapeRight";
				INFOPLIST_KEY_UISupportedInterfaceOrientations_iPhone = "UIInterfaceOrientationPortrait UIInterfaceOrientationLandscapeLeft UIInterfaceOrientationLandscapeRight";
				INFOPLIST_KEY_UIUserInterfaceStyle = Dark;
				LD_RUNPATH_SEARCH_PATHS = (
					"$(inherited)",
					"@executable_path/Frameworks",
				);
				MARKETING_VERSION = 1.0;
				PRODUCT_BUNDLE_IDENTIFIER = "com.jai.Learn-SwiftUI-Day-6-Africa";
				PRODUCT_NAME = "$(TARGET_NAME)";
				PROVISIONING_PROFILE_SPECIFIER = "";
				SWIFT_EMIT_LOC_STRINGS = YES;
				SWIFT_VERSION = 5.0;
				TARGETED_DEVICE_FAMILY = "1,2";
			};
			name = Release;
		};
		18D3E5612BA9EFD80033224F /* Debug */ = {
			isa = XCBuildConfiguration;
			buildSettings = {
				ASSETCATALOG_COMPILER_APPICON_NAME = "iMessage App Icon";
				CODE_SIGN_IDENTITY = "Apple Development";
				CODE_SIGN_STYLE = Automatic;
				CURRENT_PROJECT_VERSION = 1;
				DEVELOPMENT_TEAM = "";
				GENERATE_INFOPLIST_FILE = YES;
				INFOPLIST_FILE = Stickers/Info.plist;
				INFOPLIST_KEY_NSStickerSharingLevel = OS;
				MARKETING_VERSION = 1.0;
				PRODUCT_BUNDLE_IDENTIFIER = "com.jai.Learn-SwiftUI-Day-6-Africa.Stickers";
				PRODUCT_NAME = "$(TARGET_NAME)";
				PROVISIONING_PROFILE_SPECIFIER = "";
				SKIP_INSTALL = YES;
				SWIFT_EMIT_LOC_STRINGS = YES;
				TARGETED_DEVICE_FAMILY = "1,2";
			};
			name = Debug;
		};
		18D3E5622BA9EFD80033224F /* Release */ = {
			isa = XCBuildConfiguration;
			buildSettings = {
				ASSETCATALOG_COMPILER_APPICON_NAME = "iMessage App Icon";
				CODE_SIGN_IDENTITY = "Apple Development";
				CODE_SIGN_STYLE = Automatic;
				CURRENT_PROJECT_VERSION = 1;
				DEVELOPMENT_TEAM = "";
				GENERATE_INFOPLIST_FILE = YES;
				INFOPLIST_FILE = Stickers/Info.plist;
				INFOPLIST_KEY_NSStickerSharingLevel = OS;
				MARKETING_VERSION = 1.0;
				PRODUCT_BUNDLE_IDENTIFIER = "com.jai.Learn-SwiftUI-Day-6-Africa.Stickers";
				PRODUCT_NAME = "$(TARGET_NAME)";
				PROVISIONING_PROFILE_SPECIFIER = "";
				SKIP_INSTALL = YES;
				SWIFT_EMIT_LOC_STRINGS = YES;
				TARGETED_DEVICE_FAMILY = "1,2";
			};
			name = Release;
		};
/* End XCBuildConfiguration section */

/* Begin XCConfigurationList section */
		182B31EF2BA75F11006D17A8 /* Build configuration list for PBXProject "Learn SwiftUI Day 6_Africa" */ = {
			isa = XCConfigurationList;
			buildConfigurations = (
				182B32002BA75F13006D17A8 /* Debug */,
				182B32012BA75F13006D17A8 /* Release */,
			);
			defaultConfigurationIsVisible = 0;
			defaultConfigurationName = Release;
		};
		182B32022BA75F13006D17A8 /* Build configuration list for PBXNativeTarget "Learn SwiftUI Day 6_Africa" */ = {
			isa = XCConfigurationList;
			buildConfigurations = (
				182B32032BA75F13006D17A8 /* Debug */,
				182B32042BA75F13006D17A8 /* Release */,
			);
			defaultConfigurationIsVisible = 0;
			defaultConfigurationName = Release;
		};
		18D3E5602BA9EFD80033224F /* Build configuration list for PBXNativeTarget "Stickers" */ = {
			isa = XCConfigurationList;
			buildConfigurations = (
				18D3E5612BA9EFD80033224F /* Debug */,
				18D3E5622BA9EFD80033224F /* Release */,
			);
			defaultConfigurationIsVisible = 0;
			defaultConfigurationName = Release;
		};
/* End XCConfigurationList section */
	};
	rootObject = 182B31EC2BA75F11006D17A8 /* Project object */;
}
