// !$*UTF8*$!
{
	archiveVersion = 1;
	classes = {
	};
	objectVersion = 56;
	objects = {

/* Begin PBXBuildFile section */
		18D3E5762BAA03A60033224F /* Learn_SwiftUI_Day_7_AmericanFootballApp.swift in Sources */ = {isa = PBXBuildFile; fileRef = 18D3E5752BAA03A60033224F /* Learn_SwiftUI_Day_7_AmericanFootballApp.swift */; };
		18D3E5782BAA03A60033224F /* ContentView.swift in Sources */ = {isa = PBXBuildFile; fileRef = 18D3E5772BAA03A60033224F /* ContentView.swift */; };
		18D3E57A2BAA03A80033224F /* Assets.xcassets in Resources */ = {isa = PBXBuildFile; fileRef = 18D3E5792BAA03A80033224F /* Assets.xcassets */; };
		18D3E57D2BAA03A80033224F /* Preview Assets.xcassets in Resources */ = {isa = PBXBuildFile; fileRef = 18D3E57C2BAA03A80033224F /* Preview Assets.xcassets */; };
		18D3E5892BAB341B0033224F /* brand.json in Resources */ = {isa = PBXBuildFile; fileRef = 18D3E5852BAB341B0033224F /* brand.json */; };
		18D3E58A2BAB341B0033224F /* category.json in Resources */ = {isa = PBXBuildFile; fileRef = 18D3E5862BAB341B0033224F /* category.json */; };
		18D3E58B2BAB341B0033224F /* player.json in Resources */ = {isa = PBXBuildFile; fileRef = 18D3E5872BAB341B0033224F /* player.json */; };
		18D3E58C2BAB341B0033224F /* product.json in Resources */ = {isa = PBXBuildFile; fileRef = 18D3E5882BAB341B0033224F /* product.json */; };
		18D3E5972BAB35440033224F /* Constant.swift in Sources */ = {isa = PBXBuildFile; fileRef = 18D3E5962BAB35440033224F /* Constant.swift */; };
		18D3E5992BAB36070033224F /* FooterView.swift in Sources */ = {isa = PBXBuildFile; fileRef = 18D3E5982BAB36070033224F /* FooterView.swift */; };
		18D3E59B2BAB39020033224F /* NavigationBarView.swift in Sources */ = {isa = PBXBuildFile; fileRef = 18D3E59A2BAB39020033224F /* NavigationBarView.swift */; };
		18D3E59D2BAB3A730033224F /* LogoView.swift in Sources */ = {isa = PBXBuildFile; fileRef = 18D3E59C2BAB3A730033224F /* LogoView.swift */; };
		18D3E59F2BAB40180033224F /* PlayerModel.swift in Sources */ = {isa = PBXBuildFile; fileRef = 18D3E59E2BAB40180033224F /* PlayerModel.swift */; };
		18D3E5A12BAB405E0033224F /* CodableBundleExtension.swift in Sources */ = {isa = PBXBuildFile; fileRef = 18D3E5A02BAB405E0033224F /* CodableBundleExtension.swift */; };
		18D3E5A32BAB41CF0033224F /* FeaturedItemView.swift in Sources */ = {isa = PBXBuildFile; fileRef = 18D3E5A22BAB41CF0033224F /* FeaturedItemView.swift */; };
		18D3E5A52BAB42A70033224F /* FeatureTabView.swift in Sources */ = {isa = PBXBuildFile; fileRef = 18D3E5A42BAB42A70033224F /* FeatureTabView.swift */; };
		18F7443D2BAB58E400AA49FE /* CategoryModel.swift in Sources */ = {isa = PBXBuildFile; fileRef = 18F7443C2BAB58E400AA49FE /* CategoryModel.swift */; };
/* End PBXBuildFile section */

/* Begin PBXFileReference section */
		18D3E5722BAA03A60033224F /* Learn SwiftUI Day 7_AmericanFootball.app */ = {isa = PBXFileReference; explicitFileType = wrapper.application; includeInIndex = 0; path = "Learn SwiftUI Day 7_AmericanFootball.app"; sourceTree = BUILT_PRODUCTS_DIR; };
		18D3E5752BAA03A60033224F /* Learn_SwiftUI_Day_7_AmericanFootballApp.swift */ = {isa = PBXFileReference; lastKnownFileType = sourcecode.swift; path = Learn_SwiftUI_Day_7_AmericanFootballApp.swift; sourceTree = "<group>"; };
		18D3E5772BAA03A60033224F /* ContentView.swift */ = {isa = PBXFileReference; lastKnownFileType = sourcecode.swift; path = ContentView.swift; sourceTree = "<group>"; };
		18D3E5792BAA03A80033224F /* Assets.xcassets */ = {isa = PBXFileReference; lastKnownFileType = folder.assetcatalog; path = Assets.xcassets; sourceTree = "<group>"; };
		18D3E57C2BAA03A80033224F /* Preview Assets.xcassets */ = {isa = PBXFileReference; lastKnownFileType = folder.assetcatalog; path = "Preview Assets.xcassets"; sourceTree = "<group>"; };
		18D3E5852BAB341B0033224F /* brand.json */ = {isa = PBXFileReference; fileEncoding = 4; lastKnownFileType = text.json; path = brand.json; sourceTree = "<group>"; };
		18D3E5862BAB341B0033224F /* category.json */ = {isa = PBXFileReference; fileEncoding = 4; lastKnownFileType = text.json; path = category.json; sourceTree = "<group>"; };
		18D3E5872BAB341B0033224F /* player.json */ = {isa = PBXFileReference; fileEncoding = 4; lastKnownFileType = text.json; path = player.json; sourceTree = "<group>"; };
		18D3E5882BAB341B0033224F /* product.json */ = {isa = PBXFileReference; fileEncoding = 4; lastKnownFileType = text.json; path = product.json; sourceTree = "<group>"; };
		18D3E58E2BAB343D0033224F /* Learn-SwiftUI-Day-7-AmericanFootball-Info.plist */ = {isa = PBXFileReference; lastKnownFileType = text.plist; path = "Learn-SwiftUI-Day-7-AmericanFootball-Info.plist"; sourceTree = SOURCE_ROOT; };
		18D3E5962BAB35440033224F /* Constant.swift */ = {isa = PBXFileReference; lastKnownFileType = sourcecode.swift; path = Constant.swift; sourceTree = "<group>"; };
		18D3E5982BAB36070033224F /* FooterView.swift */ = {isa = PBXFileReference; lastKnownFileType = sourcecode.swift; path = FooterView.swift; sourceTree = "<group>"; };
		18D3E59A2BAB39020033224F /* NavigationBarView.swift */ = {isa = PBXFileReference; lastKnownFileType = sourcecode.swift; path = NavigationBarView.swift; sourceTree = "<group>"; };
		18D3E59C2BAB3A730033224F /* LogoView.swift */ = {isa = PBXFileReference; lastKnownFileType = sourcecode.swift; path = LogoView.swift; sourceTree = "<group>"; };
		18D3E59E2BAB40180033224F /* PlayerModel.swift */ = {isa = PBXFileReference; lastKnownFileType = sourcecode.swift; path = PlayerModel.swift; sourceTree = "<group>"; };
		18D3E5A02BAB405E0033224F /* CodableBundleExtension.swift */ = {isa = PBXFileReference; lastKnownFileType = sourcecode.swift; path = CodableBundleExtension.swift; sourceTree = "<group>"; };
		18D3E5A22BAB41CF0033224F /* FeaturedItemView.swift */ = {isa = PBXFileReference; lastKnownFileType = sourcecode.swift; path = FeaturedItemView.swift; sourceTree = "<group>"; };
		18D3E5A42BAB42A70033224F /* FeatureTabView.swift */ = {isa = PBXFileReference; lastKnownFileType = sourcecode.swift; path = FeatureTabView.swift; sourceTree = "<group>"; };
		18F7443C2BAB58E400AA49FE /* CategoryModel.swift */ = {isa = PBXFileReference; lastKnownFileType = sourcecode.swift; path = CategoryModel.swift; sourceTree = "<group>"; };
/* End PBXFileReference section */

/* Begin PBXFrameworksBuildPhase section */
		18D3E56F2BAA03A60033224F /* Frameworks */ = {
			isa = PBXFrameworksBuildPhase;
			buildActionMask = 2147483647;
			files = (
			);
			runOnlyForDeploymentPostprocessing = 0;
		};
/* End PBXFrameworksBuildPhase section */

/* Begin PBXGroup section */
		18D3E5692BAA03A60033224F = {
			isa = PBXGroup;
			children = (
				18D3E5742BAA03A60033224F /* Learn SwiftUI Day 7_AmericanFootball */,
				18D3E5732BAA03A60033224F /* Products */,
			);
			sourceTree = "<group>";
		};
		18D3E5732BAA03A60033224F /* Products */ = {
			isa = PBXGroup;
			children = (
				18D3E5722BAA03A60033224F /* Learn SwiftUI Day 7_AmericanFootball.app */,
			);
			name = Products;
			sourceTree = "<group>";
		};
		18D3E5742BAA03A60033224F /* Learn SwiftUI Day 7_AmericanFootball */ = {
			isa = PBXGroup;
			children = (
				18D3E58F2BAB34BD0033224F /* App */,
				18D3E5902BAB34CC0033224F /* View */,
				18D3E58D2BAB34200033224F /* Data */,
				18D3E5932BAB34FB0033224F /* Model */,
				18D3E5942BAB35000033224F /* Extension */,
				18D3E5952BAB350A0033224F /* Utility */,
				18D3E58E2BAB343D0033224F /* Learn-SwiftUI-Day-7-AmericanFootball-Info.plist */,
				18D3E5792BAA03A80033224F /* Assets.xcassets */,
				18D3E57B2BAA03A80033224F /* Preview Content */,
			);
			path = "Learn SwiftUI Day 7_AmericanFootball";
			sourceTree = "<group>";
		};
		18D3E57B2BAA03A80033224F /* Preview Content */ = {
			isa = PBXGroup;
			children = (
				18D3E57C2BAA03A80033224F /* Preview Assets.xcassets */,
			);
			path = "Preview Content";
			sourceTree = "<group>";
		};
		18D3E58D2BAB34200033224F /* Data */ = {
			isa = PBXGroup;
			children = (
				18D3E5852BAB341B0033224F /* brand.json */,
				18D3E5862BAB341B0033224F /* category.json */,
				18D3E5872BAB341B0033224F /* player.json */,
				18D3E5882BAB341B0033224F /* product.json */,
			);
			path = Data;
			sourceTree = "<group>";
		};
		18D3E58F2BAB34BD0033224F /* App */ = {
			isa = PBXGroup;
			children = (
				18D3E5752BAA03A60033224F /* Learn_SwiftUI_Day_7_AmericanFootballApp.swift */,
				18D3E5772BAA03A60033224F /* ContentView.swift */,
			);
			path = App;
			sourceTree = "<group>";
		};
		18D3E5902BAB34CC0033224F /* View */ = {
			isa = PBXGroup;
			children = (
				18D3E5922BAB34EA0033224F /* Home */,
				18D3E5912BAB34DD0033224F /* Detail */,
			);
			path = View;
			sourceTree = "<group>";
		};
		18D3E5912BAB34DD0033224F /* Detail */ = {
			isa = PBXGroup;
			children = (
			);
			path = Detail;
			sourceTree = "<group>";
		};
		18D3E5922BAB34EA0033224F /* Home */ = {
			isa = PBXGroup;
			children = (
				18D3E5982BAB36070033224F /* FooterView.swift */,
				18D3E59A2BAB39020033224F /* NavigationBarView.swift */,
				18D3E59C2BAB3A730033224F /* LogoView.swift */,
				18D3E5A42BAB42A70033224F /* FeatureTabView.swift */,
				18D3E5A22BAB41CF0033224F /* FeaturedItemView.swift */,
			);
			path = Home;
			sourceTree = "<group>";
		};
		18D3E5932BAB34FB0033224F /* Model */ = {
			isa = PBXGroup;
			children = (
				18D3E59E2BAB40180033224F /* PlayerModel.swift */,
				18F7443C2BAB58E400AA49FE /* CategoryModel.swift */,
			);
			path = Model;
			sourceTree = "<group>";
		};
		18D3E5942BAB35000033224F /* Extension */ = {
			isa = PBXGroup;
			children = (
				18D3E5A02BAB405E0033224F /* CodableBundleExtension.swift */,
			);
			path = Extension;
			sourceTree = "<group>";
		};
		18D3E5952BAB350A0033224F /* Utility */ = {
			isa = PBXGroup;
			children = (
				18D3E5962BAB35440033224F /* Constant.swift */,
			);
			path = Utility;
			sourceTree = "<group>";
		};
/* End PBXGroup section */

/* Begin PBXNativeTarget section */
		18D3E5712BAA03A60033224F /* Learn SwiftUI Day 7_AmericanFootball */ = {
			isa = PBXNativeTarget;
			buildConfigurationList = 18D3E5802BAA03A80033224F /* Build configuration list for PBXNativeTarget "Learn SwiftUI Day 7_AmericanFootball" */;
			buildPhases = (
				18D3E56E2BAA03A60033224F /* Sources */,
				18D3E56F2BAA03A60033224F /* Frameworks */,
				18D3E5702BAA03A60033224F /* Resources */,
			);
			buildRules = (
			);
			dependencies = (
			);
			name = "Learn SwiftUI Day 7_AmericanFootball";
			productName = "Learn SwiftUI Day 7_AmericanFootball";
			productReference = 18D3E5722BAA03A60033224F /* Learn SwiftUI Day 7_AmericanFootball.app */;
			productType = "com.apple.product-type.application";
		};
/* End PBXNativeTarget section */

/* Begin PBXProject section */
		18D3E56A2BAA03A60033224F /* Project object */ = {
			isa = PBXProject;
			attributes = {
				BuildIndependentTargetsInParallel = 1;
				LastSwiftUpdateCheck = 1530;
				LastUpgradeCheck = 1530;
				TargetAttributes = {
					18D3E5712BAA03A60033224F = {
						CreatedOnToolsVersion = 15.3;
					};
				};
			};
			buildConfigurationList = 18D3E56D2BAA03A60033224F /* Build configuration list for PBXProject "Learn SwiftUI Day 7_AmericanFootball" */;
			compatibilityVersion = "Xcode 14.0";
			developmentRegion = en;
			hasScannedForEncodings = 0;
			knownRegions = (
				en,
				Base,
			);
			mainGroup = 18D3E5692BAA03A60033224F;
			productRefGroup = 18D3E5732BAA03A60033224F /* Products */;
			projectDirPath = "";
			projectRoot = "";
			targets = (
				18D3E5712BAA03A60033224F /* Learn SwiftUI Day 7_AmericanFootball */,
			);
		};
/* End PBXProject section */

/* Begin PBXResourcesBuildPhase section */
		18D3E5702BAA03A60033224F /* Resources */ = {
			isa = PBXResourcesBuildPhase;
			buildActionMask = 2147483647;
			files = (
				18D3E58B2BAB341B0033224F /* player.json in Resources */,
				18D3E57D2BAA03A80033224F /* Preview Assets.xcassets in Resources */,
				18D3E57A2BAA03A80033224F /* Assets.xcassets in Resources */,
				18D3E5892BAB341B0033224F /* brand.json in Resources */,
				18D3E58A2BAB341B0033224F /* category.json in Resources */,
				18D3E58C2BAB341B0033224F /* product.json in Resources */,
			);
			runOnlyForDeploymentPostprocessing = 0;
		};
/* End PBXResourcesBuildPhase section */

/* Begin PBXSourcesBuildPhase section */
		18D3E56E2BAA03A60033224F /* Sources */ = {
			isa = PBXSourcesBuildPhase;
			buildActionMask = 2147483647;
			files = (
				18D3E5A12BAB405E0033224F /* CodableBundleExtension.swift in Sources */,
				18D3E5A52BAB42A70033224F /* FeatureTabView.swift in Sources */,
				18D3E5782BAA03A60033224F /* ContentView.swift in Sources */,
				18D3E59D2BAB3A730033224F /* LogoView.swift in Sources */,
				18D3E5992BAB36070033224F /* FooterView.swift in Sources */,
				18D3E5A32BAB41CF0033224F /* FeaturedItemView.swift in Sources */,
				18D3E5762BAA03A60033224F /* Learn_SwiftUI_Day_7_AmericanFootballApp.swift in Sources */,
				18F7443D2BAB58E400AA49FE /* CategoryModel.swift in Sources */,
				18D3E5972BAB35440033224F /* Constant.swift in Sources */,
				18D3E59B2BAB39020033224F /* NavigationBarView.swift in Sources */,
				18D3E59F2BAB40180033224F /* PlayerModel.swift in Sources */,
			);
			runOnlyForDeploymentPostprocessing = 0;
		};
/* End PBXSourcesBuildPhase section */

/* Begin XCBuildConfiguration section */
		18D3E57E2BAA03A80033224F /* Debug */ = {
			isa = XCBuildConfiguration;
			buildSettings = {
				ALWAYS_SEARCH_USER_PATHS = NO;
				ASSETCATALOG_COMPILER_GENERATE_SWIFT_ASSET_SYMBOL_EXTENSIONS = YES;
				CLANG_ANALYZER_NONNULL = YES;
				CLANG_ANALYZER_NUMBER_OBJECT_CONVERSION = YES_AGGRESSIVE;
				CLANG_CXX_LANGUAGE_STANDARD = "gnu++20";
				CLANG_ENABLE_MODULES = YES;
				CLANG_ENABLE_OBJC_ARC = YES;
				CLANG_ENABLE_OBJC_WEAK = YES;
				CLANG_WARN_BLOCK_CAPTURE_AUTORELEASING = YES;
				CLANG_WARN_BOOL_CONVERSION = YES;
				CLANG_WARN_COMMA = YES;
				CLANG_WARN_CONSTANT_CONVERSION = YES;
				CLANG_WARN_DEPRECATED_OBJC_IMPLEMENTATIONS = YES;
				CLANG_WARN_DIRECT_OBJC_ISA_USAGE = YES_ERROR;
				CLANG_WARN_DOCUMENTATION_COMMENTS = YES;
				CLANG_WARN_EMPTY_BODY = YES;
				CLANG_WARN_ENUM_CONVERSION = YES;
				CLANG_WARN_INFINITE_RECURSION = YES;
				CLANG_WARN_INT_CONVERSION = YES;
				CLANG_WARN_NON_LITERAL_NULL_CONVERSION = YES;
				CLANG_WARN_OBJC_IMPLICIT_RETAIN_SELF = YES;
				CLANG_WARN_OBJC_LITERAL_CONVERSION = YES;
				CLANG_WARN_OBJC_ROOT_CLASS = YES_ERROR;
				CLANG_WARN_QUOTED_INCLUDE_IN_FRAMEWORK_HEADER = YES;
				CLANG_WARN_RANGE_LOOP_ANALYSIS = YES;
				CLANG_WARN_STRICT_PROTOTYPES = YES;
				CLANG_WARN_SUSPICIOUS_MOVE = YES;
				CLANG_WARN_UNGUARDED_AVAILABILITY = YES_AGGRESSIVE;
				CLANG_WARN_UNREACHABLE_CODE = YES;
				CLANG_WARN__DUPLICATE_METHOD_MATCH = YES;
				COPY_PHASE_STRIP = NO;
				DEBUG_INFORMATION_FORMAT = dwarf;
				ENABLE_STRICT_OBJC_MSGSEND = YES;
				ENABLE_TESTABILITY = YES;
				ENABLE_USER_SCRIPT_SANDBOXING = YES;
				GCC_C_LANGUAGE_STANDARD = gnu17;
				GCC_DYNAMIC_NO_PIC = NO;
				GCC_NO_COMMON_BLOCKS = YES;
				GCC_OPTIMIZATION_LEVEL = 0;
				GCC_PREPROCESSOR_DEFINITIONS = (
					"DEBUG=1",
					"$(inherited)",
				);
				GCC_WARN_64_TO_32_BIT_CONVERSION = YES;
				GCC_WARN_ABOUT_RETURN_TYPE = YES_ERROR;
				GCC_WARN_UNDECLARED_SELECTOR = YES;
				GCC_WARN_UNINITIALIZED_AUTOS = YES_AGGRESSIVE;
				GCC_WARN_UNUSED_FUNCTION = YES;
				GCC_WARN_UNUSED_VARIABLE = YES;
				IPHONEOS_DEPLOYMENT_TARGET = 17.4;
				LOCALIZATION_PREFERS_STRING_CATALOGS = YES;
				MTL_ENABLE_DEBUG_INFO = INCLUDE_SOURCE;
				MTL_FAST_MATH = YES;
				ONLY_ACTIVE_ARCH = YES;
				SDKROOT = iphoneos;
				SWIFT_ACTIVE_COMPILATION_CONDITIONS = "DEBUG $(inherited)";
				SWIFT_OPTIMIZATION_LEVEL = "-Onone";
			};
			name = Debug;
		};
		18D3E57F2BAA03A80033224F /* Release */ = {
			isa = XCBuildConfiguration;
			buildSettings = {
				ALWAYS_SEARCH_USER_PATHS = NO;
				ASSETCATALOG_COMPILER_GENERATE_SWIFT_ASSET_SYMBOL_EXTENSIONS = YES;
				CLANG_ANALYZER_NONNULL = YES;
				CLANG_ANALYZER_NUMBER_OBJECT_CONVERSION = YES_AGGRESSIVE;
				CLANG_CXX_LANGUAGE_STANDARD = "gnu++20";
				CLANG_ENABLE_MODULES = YES;
				CLANG_ENABLE_OBJC_ARC = YES;
				CLANG_ENABLE_OBJC_WEAK = YES;
				CLANG_WARN_BLOCK_CAPTURE_AUTORELEASING = YES;
				CLANG_WARN_BOOL_CONVERSION = YES;
				CLANG_WARN_COMMA = YES;
				CLANG_WARN_CONSTANT_CONVERSION = YES;
				CLANG_WARN_DEPRECATED_OBJC_IMPLEMENTATIONS = YES;
				CLANG_WARN_DIRECT_OBJC_ISA_USAGE = YES_ERROR;
				CLANG_WARN_DOCUMENTATION_COMMENTS = YES;
				CLANG_WARN_EMPTY_BODY = YES;
				CLANG_WARN_ENUM_CONVERSION = YES;
				CLANG_WARN_INFINITE_RECURSION = YES;
				CLANG_WARN_INT_CONVERSION = YES;
				CLANG_WARN_NON_LITERAL_NULL_CONVERSION = YES;
				CLANG_WARN_OBJC_IMPLICIT_RETAIN_SELF = YES;
				CLANG_WARN_OBJC_LITERAL_CONVERSION = YES;
				CLANG_WARN_OBJC_ROOT_CLASS = YES_ERROR;
				CLANG_WARN_QUOTED_INCLUDE_IN_FRAMEWORK_HEADER = YES;
				CLANG_WARN_RANGE_LOOP_ANALYSIS = YES;
				CLANG_WARN_STRICT_PROTOTYPES = YES;
				CLANG_WARN_SUSPICIOUS_MOVE = YES;
				CLANG_WARN_UNGUARDED_AVAILABILITY = YES_AGGRESSIVE;
				CLANG_WARN_UNREACHABLE_CODE = YES;
				CLANG_WARN__DUPLICATE_METHOD_MATCH = YES;
				COPY_PHASE_STRIP = NO;
				DEBUG_INFORMATION_FORMAT = "dwarf-with-dsym";
				ENABLE_NS_ASSERTIONS = NO;
				ENABLE_STRICT_OBJC_MSGSEND = YES;
				ENABLE_USER_SCRIPT_SANDBOXING = YES;
				GCC_C_LANGUAGE_STANDARD = gnu17;
				GCC_NO_COMMON_BLOCKS = YES;
				GCC_WARN_64_TO_32_BIT_CONVERSION = YES;
				GCC_WARN_ABOUT_RETURN_TYPE = YES_ERROR;
				GCC_WARN_UNDECLARED_SELECTOR = YES;
				GCC_WARN_UNINITIALIZED_AUTOS = YES_AGGRESSIVE;
				GCC_WARN_UNUSED_FUNCTION = YES;
				GCC_WARN_UNUSED_VARIABLE = YES;
				IPHONEOS_DEPLOYMENT_TARGET = 17.4;
				LOCALIZATION_PREFERS_STRING_CATALOGS = YES;
				MTL_ENABLE_DEBUG_INFO = NO;
				MTL_FAST_MATH = YES;
				SDKROOT = iphoneos;
				SWIFT_COMPILATION_MODE = wholemodule;
				VALIDATE_PRODUCT = YES;
			};
			name = Release;
		};
		18D3E5812BAA03A80033224F /* Debug */ = {
			isa = XCBuildConfiguration;
			buildSettings = {
				ASSETCATALOG_COMPILER_APPICON_NAME = AppIcon;
				ASSETCATALOG_COMPILER_GLOBAL_ACCENT_COLOR_NAME = AccentColor;
				CODE_SIGN_STYLE = Automatic;
				CURRENT_PROJECT_VERSION = 1;
				DEVELOPMENT_ASSET_PATHS = "\"Learn SwiftUI Day 7_AmericanFootball/Preview Content\"";
				DEVELOPMENT_TEAM = 8B2B8JUWKD;
				ENABLE_PREVIEWS = YES;
				GENERATE_INFOPLIST_FILE = YES;
				INFOPLIST_FILE = "Learn-SwiftUI-Day-7-AmericanFootball-Info.plist";
				INFOPLIST_KEY_CFBundleDisplayName = Touchdown;
				INFOPLIST_KEY_UIApplicationSceneManifest_Generation = YES;
				INFOPLIST_KEY_UIApplicationSupportsIndirectInputEvents = YES;
				INFOPLIST_KEY_UISupportedInterfaceOrientations = UIInterfaceOrientationPortrait;
				INFOPLIST_KEY_UIUserInterfaceStyle = Light;
				LD_RUNPATH_SEARCH_PATHS = (
					"$(inherited)",
					"@executable_path/Frameworks",
				);
				MARKETING_VERSION = 1.0;
				PRODUCT_BUNDLE_IDENTIFIER = "com.jai.Learn-SwiftUI-Day-7-AmericanFootball";
				PRODUCT_NAME = "$(TARGET_NAME)";
				SWIFT_EMIT_LOC_STRINGS = YES;
				SWIFT_VERSION = 5.0;
				TARGETED_DEVICE_FAMILY = "1,2";
			};
			name = Debug;
		};
		18D3E5822BAA03A80033224F /* Release */ = {
			isa = XCBuildConfiguration;
			buildSettings = {
				ASSETCATALOG_COMPILER_APPICON_NAME = AppIcon;
				ASSETCATALOG_COMPILER_GLOBAL_ACCENT_COLOR_NAME = AccentColor;
				CODE_SIGN_STYLE = Automatic;
				CURRENT_PROJECT_VERSION = 1;
				DEVELOPMENT_ASSET_PATHS = "\"Learn SwiftUI Day 7_AmericanFootball/Preview Content\"";
				DEVELOPMENT_TEAM = 8B2B8JUWKD;
				ENABLE_PREVIEWS = YES;
				GENERATE_INFOPLIST_FILE = YES;
				INFOPLIST_FILE = "Learn-SwiftUI-Day-7-AmericanFootball-Info.plist";
				INFOPLIST_KEY_CFBundleDisplayName = Touchdown;
				INFOPLIST_KEY_UIApplicationSceneManifest_Generation = YES;
				INFOPLIST_KEY_UIApplicationSupportsIndirectInputEvents = YES;
				INFOPLIST_KEY_UISupportedInterfaceOrientations = UIInterfaceOrientationPortrait;
				INFOPLIST_KEY_UIUserInterfaceStyle = Light;
				LD_RUNPATH_SEARCH_PATHS = (
					"$(inherited)",
					"@executable_path/Frameworks",
				);
				MARKETING_VERSION = 1.0;
				PRODUCT_BUNDLE_IDENTIFIER = "com.jai.Learn-SwiftUI-Day-7-AmericanFootball";
				PRODUCT_NAME = "$(TARGET_NAME)";
				SWIFT_EMIT_LOC_STRINGS = YES;
				SWIFT_VERSION = 5.0;
				TARGETED_DEVICE_FAMILY = "1,2";
			};
			name = Release;
		};
/* End XCBuildConfiguration section */

/* Begin XCConfigurationList section */
		18D3E56D2BAA03A60033224F /* Build configuration list for PBXProject "Learn SwiftUI Day 7_AmericanFootball" */ = {
			isa = XCConfigurationList;
			buildConfigurations = (
				18D3E57E2BAA03A80033224F /* Debug */,
				18D3E57F2BAA03A80033224F /* Release */,
			);
			defaultConfigurationIsVisible = 0;
			defaultConfigurationName = Release;
		};
		18D3E5802BAA03A80033224F /* Build configuration list for PBXNativeTarget "Learn SwiftUI Day 7_AmericanFootball" */ = {
			isa = XCConfigurationList;
			buildConfigurations = (
				18D3E5812BAA03A80033224F /* Debug */,
				18D3E5822BAA03A80033224F /* Release */,
			);
			defaultConfigurationIsVisible = 0;
			defaultConfigurationName = Release;
		};
/* End XCConfigurationList section */
	};
	rootObject = 18D3E56A2BAA03A60033224F /* Project object */;
}
